
Microsoft Visual Studio Solution File, Format Version 12.00
# Visual Studio 14
VisualStudioVersion = 14.0.24720.0
MinimumVisualStudioVersion = 10.0.40219.1
Project("{FAE04EC0-301F-11D3-BF4B-00C04F79EFBC}") = "NZBDash.UI", "NZBDash.UI\NZBDash.UI.csproj", "{30ED7E20-5C5B-4643-B3A6-7D10BE172241}"
EndProject
Project("{FAE04EC0-301F-11D3-BF4B-00C04F79EFBC}") = "NZBDash.Common", "NZBDash.Common\NZBDash.Common.csproj", "{9DD8A9DA-16BA-4447-AF4A-414148702B04}"
EndProject
Project("{FAE04EC0-301F-11D3-BF4B-00C04F79EFBC}") = "NZBDash.Core", "NZBDash.Core\NZBDash.Core.csproj", "{6B7E480C-D8B3-4CFD-9C59-687F9AEF31E0}"
EndProject
Project("{FAE04EC0-301F-11D3-BF4B-00C04F79EFBC}") = "NZBDash.UI.Test", "NZBDash.UI.Test\NZBDash.UI.Test.csproj", "{64ADCA6B-050F-48B1-8039-2D16BC494AF0}"
EndProject
Project("{2150E333-8FDC-42A3-9474-1A3956D46DE8}") = ".nuget", ".nuget", "{AF2DF6F4-66AC-45E4-86FE-1344D913C2DE}"
	ProjectSection(SolutionItems) = preProject
		.nuget\NuGet.Config = .nuget\NuGet.Config
		.nuget\NuGet.exe = .nuget\NuGet.exe
		.nuget\NuGet.targets = .nuget\NuGet.targets
	EndProjectSection
EndProject
Project("{FAE04EC0-301F-11D3-BF4B-00C04F79EFBC}") = "NZBDash.Core.Test", "NZBDash.Core.Test\NZBDash.Core.Test.csproj", "{53D73B63-32BC-4ECC-ACD4-7ED909F08C70}"
EndProject
Project("{FAE04EC0-301F-11D3-BF4B-00C04F79EFBC}") = "NZBDash.Common.Models", "NZBDash.Common.Models\NZBDash.Common.Models.csproj", "{521CB3C7-F19C-4B92-8A39-4537BEC094B5}"
EndProject
Project("{FAE04EC0-301F-11D3-BF4B-00C04F79EFBC}") = "NZBDash.Common.Models.Test", "NZBDash.Common.Models.UnitTests\NZBDash.Common.Models.Test.csproj", "{DDB18A5F-FF1D-4245-84DF-F28CC97B7DCC}"
EndProject
Project("{FAE04EC0-301F-11D3-BF4B-00C04F79EFBC}") = "NZBDash.Common.Tests", "NZBDash.Common.Tests\NZBDash.Common.Tests.csproj", "{A4EB0077-FFB4-433F-8514-674A5E0DA1CF}"
EndProject
Project("{FAE04EC0-301F-11D3-BF4B-00C04F79EFBC}") = "NZBDash.ThirdParty.Api", "NZBDash.ThirdParty.Api\NZBDash.ThirdParty.Api.csproj", "{6AA3BF06-BAE1-43DF-AACE-BB2E25D1A103}"
EndProject
Project("{FAE04EC0-301F-11D3-BF4B-00C04F79EFBC}") = "NZBDash.DependencyResolver", "NZBDash.DependencyResolver\NZBDash.DependencyResolver.csproj", "{CD5BA3EA-1DB7-4D2E-9CFE-4E29C2DC5EBD}"
EndProject
Project("{FAE04EC0-301F-11D3-BF4B-00C04F79EFBC}") = "NZBDash.DependencyResolver.Modules", "NZBDash.DependencyResolver.Modules\NZBDash.DependencyResolver.Modules.csproj", "{3B1B5239-C1C7-4553-9E71-D0DE9B3C21F9}"
EndProject
Project("{FAE04EC0-301F-11D3-BF4B-00C04F79EFBC}") = "NZBDash.DependencyResolver.Test", "NZBDash.DependencyResolver.Test\NZBDash.DependencyResolver.Test.csproj", "{79B35CF5-1E81-4F34-8A12-D82185C59D32}"
EndProject
Project("{FAE04EC0-301F-11D3-BF4B-00C04F79EFBC}") = "NZBDash.Core.Interfaces", "NZBDash.Core.Interfaces\NZBDash.Core.Interfaces.csproj", "{43F97539-F59B-44CB-948F-B1AD41FC8E5E}"
EndProject
Project("{FAE04EC0-301F-11D3-BF4B-00C04F79EFBC}") = "NZBDash.Common.Interfaces", "NZBDash.Common.Interfaces\NZBDash.Common.Interfaces.csproj", "{2FE2D4CA-5F3A-4B06-A95F-5F561B1AEFE4}"
EndProject
Project("{FAE04EC0-301F-11D3-BF4B-00C04F79EFBC}") = "NZBDash.ThirdParty.Api.Test", "NZBDash.ThirdParty.Api.Test\NZBDash.ThirdParty.Api.Test.csproj", "{F24F8138-6200-4FB4-97BC-3D70D0381C27}"
EndProject
Project("{FAE04EC0-301F-11D3-BF4B-00C04F79EFBC}") = "NZBDash.Resources", "NZBDash.Resources\NZBDash.Resources.csproj", "{900A9447-BD0F-4D92-A92D-554FA8E7A00C}"
EndProject
Project("{FAE04EC0-301F-11D3-BF4B-00C04F79EFBC}") = "NZBDash.DataAccessLayer", "NZBDash.DataAccessLayer\NZBDash.DataAccessLayer.csproj", "{5ECCA070-31F1-45A3-B352-D107183811DD}"
EndProject
Project("{FAE04EC0-301F-11D3-BF4B-00C04F79EFBC}") = "NZBDash.DataAccessLayer.Interfaces", "NZBDash.DataAccessLayer.Interfaces\NZBDash.DataAccessLayer.Interfaces.csproj", "{A1BAFD2C-9DF1-4A1A-A6CA-0DF2C2E60DFC}"
EndProject
Project("{FAE04EC0-301F-11D3-BF4B-00C04F79EFBC}") = "NZBDash.UI.Models", "NZBDash.UI.Models\NZBDash.UI.Models.csproj", "{C61C3778-A4D2-4C61-891C-353248EEB25B}"
EndProject
Project("{FAE04EC0-301F-11D3-BF4B-00C04F79EFBC}") = "NZBDash.ThirdParty.Api.Models", "NZBDash.ThirdParty.Api.Models\NZBDash.ThirdParty.Api.Models.csproj", "{E51F0F88-A6DA-4A7E-B647-C5621B60F79D}"
EndProject
Project("{FAE04EC0-301F-11D3-BF4B-00C04F79EFBC}") = "NZBDash.Common.Helpers", "NZBDash.Common.Helpers\NZBDash.Common.Helpers.csproj", "{D94C96BB-D3B6-492F-B594-42920088BD87}"
EndProject
Project("{FAE04EC0-301F-11D3-BF4B-00C04F79EFBC}") = "NZBDash.DataAccessLayer.Models", "NZBDash.DataAccessLayer.Models\NZBDash.DataAccessLayer.Models.csproj", "{67E1FFF8-EDEC-4D4E-8B49-E3B107D326B6}"
EndProject
Project("{2150E333-8FDC-42A3-9474-1A3956D46DE8}") = "Tests", "Tests", "{181FD6CB-70C5-475A-9215-A864EA1B057B}"
EndProject
Project("{2150E333-8FDC-42A3-9474-1A3956D46DE8}") = "Web", "Web", "{5766F4D2-5DB4-4E47-942E-CA9DD2AE6C9F}"
EndProject
Project("{2150E333-8FDC-42A3-9474-1A3956D46DE8}") = "Data", "Data", "{3DCBDBD6-9A9D-45C2-93CE-5AECD21F225E}"
EndProject
Project("{2150E333-8FDC-42A3-9474-1A3956D46DE8}") = "Common", "Common", "{EEF1FD88-83E6-4B16-BFBB-EA709A020483}"
EndProject
Project("{2150E333-8FDC-42A3-9474-1A3956D46DE8}") = "Core", "Core", "{79A76717-2C94-4231-BCCD-BA63627EDA7B}"
EndProject
Project("{2150E333-8FDC-42A3-9474-1A3956D46DE8}") = "Api", "Api", "{209AB01B-A9E4-4238-AF94-AEA198CEE45A}"
EndProject
Project("{2150E333-8FDC-42A3-9474-1A3956D46DE8}") = "Services", "Services", "{036CBD72-078D-4E64-A8DD-FC66BFAC028B}"
EndProject
Project("{FAE04EC0-301F-11D3-BF4B-00C04F79EFBC}") = "NZBDash.Services.Monitor", "NZBDash.Services.HardwareMonitor\NZBDash.Services.Monitor.csproj", "{50D733E2-11E0-4002-A7CD-E5B556A80032}"
EndProject
Project("{FAE04EC0-301F-11D3-BF4B-00C04F79EFBC}") = "NZBDash.Services.HardwareMonitor.Tests", "NZBDash.Services.HardwareMonitor.Tests\NZBDash.Services.HardwareMonitor.Tests.csproj", "{C5343CA6-E481-49E4-98E3-174D26BE625E}"
EndProject
Project("{FAE04EC0-301F-11D3-BF4B-00C04F79EFBC}") = "NZBDash.Core.Models", "NZBDash.Core.Models\NZBDash.Core.Models.csproj", "{12FE449B-C0B1-4350-953C-D55320E59E54}"
EndProject
Project("{FAE04EC0-301F-11D3-BF4B-00C04F79EFBC}") = "NZBDash.Services.Monitor.Interfaces", "NZBDash.Services.HardwareMonitor.Interfaces\NZBDash.Services.Monitor.Interfaces.csproj", "{3D144CD4-00F4-4D64-924D-1D1580F2809F}"
EndProject
Project("{FAE04EC0-301F-11D3-BF4B-00C04F79EFBC}") = "NZBDash.Services.UpdateService", "NZBDash.Services.UpdateService\NZBDash.Services.UpdateService.csproj", "{7692071F-A306-4CB8-9399-89660930C3B0}"
EndProject
Project("{FAE04EC0-301F-11D3-BF4B-00C04F79EFBC}") = "NZBDash.Services.UpdateService.Tests", "NZBDash.Services.UpdateService.Tests\NZBDash.Services.UpdateService.Tests.csproj", "{673FBF8A-C1AF-4E8C-94B2-44A4CAAC640A}"
EndProject
Project("{FAE04EC0-301F-11D3-BF4B-00C04F79EFBC}") = "NZBDash.Install.Setup", "NZBDash.Install.Setup\NZBDash.Install.Setup.csproj", "{078FE752-82A7-4CA1-921F-21A445C9BB7B}"
EndProject
Project("{2150E333-8FDC-42A3-9474-1A3956D46DE8}") = "Solution Files", "Solution Files", "{8A1EB082-182B-44ED-9EF1-9066E3D78CB9}"
	ProjectSection(SolutionItems) = preProject
		appveyor.yml = appveyor.yml
		NZBDash.iss = NZBDash.iss
		README.md = README.md
	EndProjectSection
EndProject
Global
	GlobalSection(SolutionConfigurationPlatforms) = preSolution
		Debug|Any CPU = Debug|Any CPU
		Debug|x64 = Debug|x64
		Debug|x86 = Debug|x86
		Linux|Any CPU = Linux|Any CPU
		Linux|x64 = Linux|x64
		Linux|x86 = Linux|x86
		Release|Any CPU = Release|Any CPU
		Release|x64 = Release|x64
		Release|x86 = Release|x86
		Windows|Any CPU = Windows|Any CPU
		Windows|x64 = Windows|x64
		Windows|x86 = Windows|x86
	EndGlobalSection
	GlobalSection(ProjectConfigurationPlatforms) = postSolution
		{30ED7E20-5C5B-4643-B3A6-7D10BE172241}.Debug|Any CPU.ActiveCfg = Debug|Any CPU
		{30ED7E20-5C5B-4643-B3A6-7D10BE172241}.Debug|Any CPU.Build.0 = Debug|Any CPU
		{30ED7E20-5C5B-4643-B3A6-7D10BE172241}.Debug|x64.ActiveCfg = Debug|x64
		{30ED7E20-5C5B-4643-B3A6-7D10BE172241}.Debug|x64.Build.0 = Debug|x64
		{30ED7E20-5C5B-4643-B3A6-7D10BE172241}.Debug|x86.ActiveCfg = Debug|x86
		{30ED7E20-5C5B-4643-B3A6-7D10BE172241}.Debug|x86.Build.0 = Debug|x86
		{30ED7E20-5C5B-4643-B3A6-7D10BE172241}.Linux|Any CPU.ActiveCfg = Linux|Any CPU
		{30ED7E20-5C5B-4643-B3A6-7D10BE172241}.Linux|Any CPU.Build.0 = Linux|Any CPU
		{30ED7E20-5C5B-4643-B3A6-7D10BE172241}.Linux|x64.ActiveCfg = Linux|x64
		{30ED7E20-5C5B-4643-B3A6-7D10BE172241}.Linux|x64.Build.0 = Linux|x64
		{30ED7E20-5C5B-4643-B3A6-7D10BE172241}.Linux|x86.ActiveCfg = Linux|x86
		{30ED7E20-5C5B-4643-B3A6-7D10BE172241}.Linux|x86.Build.0 = Linux|x86
		{30ED7E20-5C5B-4643-B3A6-7D10BE172241}.Release|Any CPU.ActiveCfg = Release|Any CPU
		{30ED7E20-5C5B-4643-B3A6-7D10BE172241}.Release|Any CPU.Build.0 = Release|Any CPU
		{30ED7E20-5C5B-4643-B3A6-7D10BE172241}.Release|x64.ActiveCfg = Release|x64
		{30ED7E20-5C5B-4643-B3A6-7D10BE172241}.Release|x64.Build.0 = Release|x64
		{30ED7E20-5C5B-4643-B3A6-7D10BE172241}.Release|x86.ActiveCfg = Release|x86
		{30ED7E20-5C5B-4643-B3A6-7D10BE172241}.Release|x86.Build.0 = Release|x86
		{30ED7E20-5C5B-4643-B3A6-7D10BE172241}.Windows|Any CPU.ActiveCfg = Windows|Any CPU
		{30ED7E20-5C5B-4643-B3A6-7D10BE172241}.Windows|Any CPU.Build.0 = Windows|Any CPU
		{30ED7E20-5C5B-4643-B3A6-7D10BE172241}.Windows|x64.ActiveCfg = Windows|x64
		{30ED7E20-5C5B-4643-B3A6-7D10BE172241}.Windows|x64.Build.0 = Windows|x64
		{30ED7E20-5C5B-4643-B3A6-7D10BE172241}.Windows|x86.ActiveCfg = Windows|x86
		{30ED7E20-5C5B-4643-B3A6-7D10BE172241}.Windows|x86.Build.0 = Windows|x86
		{9DD8A9DA-16BA-4447-AF4A-414148702B04}.Debug|Any CPU.ActiveCfg = Debug|Any CPU
		{9DD8A9DA-16BA-4447-AF4A-414148702B04}.Debug|Any CPU.Build.0 = Debug|Any CPU
		{9DD8A9DA-16BA-4447-AF4A-414148702B04}.Debug|x64.ActiveCfg = Debug|x64
		{9DD8A9DA-16BA-4447-AF4A-414148702B04}.Debug|x64.Build.0 = Debug|x64
		{9DD8A9DA-16BA-4447-AF4A-414148702B04}.Debug|x86.ActiveCfg = Debug|x86
		{9DD8A9DA-16BA-4447-AF4A-414148702B04}.Debug|x86.Build.0 = Debug|x86
		{9DD8A9DA-16BA-4447-AF4A-414148702B04}.Linux|Any CPU.ActiveCfg = Linux|Any CPU
		{9DD8A9DA-16BA-4447-AF4A-414148702B04}.Linux|Any CPU.Build.0 = Linux|Any CPU
		{9DD8A9DA-16BA-4447-AF4A-414148702B04}.Linux|x64.ActiveCfg = Linux|x64
		{9DD8A9DA-16BA-4447-AF4A-414148702B04}.Linux|x64.Build.0 = Linux|x64
		{9DD8A9DA-16BA-4447-AF4A-414148702B04}.Linux|x86.ActiveCfg = Linux|x86
		{9DD8A9DA-16BA-4447-AF4A-414148702B04}.Linux|x86.Build.0 = Linux|x86
		{9DD8A9DA-16BA-4447-AF4A-414148702B04}.Release|Any CPU.ActiveCfg = Release|Any CPU
		{9DD8A9DA-16BA-4447-AF4A-414148702B04}.Release|Any CPU.Build.0 = Release|Any CPU
		{9DD8A9DA-16BA-4447-AF4A-414148702B04}.Release|x64.ActiveCfg = Release|x64
		{9DD8A9DA-16BA-4447-AF4A-414148702B04}.Release|x64.Build.0 = Release|x64
		{9DD8A9DA-16BA-4447-AF4A-414148702B04}.Release|x86.ActiveCfg = Release|x86
		{9DD8A9DA-16BA-4447-AF4A-414148702B04}.Release|x86.Build.0 = Release|x86
		{9DD8A9DA-16BA-4447-AF4A-414148702B04}.Windows|Any CPU.ActiveCfg = Windows|Any CPU
		{9DD8A9DA-16BA-4447-AF4A-414148702B04}.Windows|Any CPU.Build.0 = Windows|Any CPU
		{9DD8A9DA-16BA-4447-AF4A-414148702B04}.Windows|x64.ActiveCfg = Windows|x64
		{9DD8A9DA-16BA-4447-AF4A-414148702B04}.Windows|x64.Build.0 = Windows|x64
		{9DD8A9DA-16BA-4447-AF4A-414148702B04}.Windows|x86.ActiveCfg = Windows|x86
		{9DD8A9DA-16BA-4447-AF4A-414148702B04}.Windows|x86.Build.0 = Windows|x86
		{6B7E480C-D8B3-4CFD-9C59-687F9AEF31E0}.Debug|Any CPU.ActiveCfg = Debug|Any CPU
		{6B7E480C-D8B3-4CFD-9C59-687F9AEF31E0}.Debug|Any CPU.Build.0 = Debug|Any CPU
		{6B7E480C-D8B3-4CFD-9C59-687F9AEF31E0}.Debug|x64.ActiveCfg = Debug|x64
		{6B7E480C-D8B3-4CFD-9C59-687F9AEF31E0}.Debug|x64.Build.0 = Debug|x64
		{6B7E480C-D8B3-4CFD-9C59-687F9AEF31E0}.Debug|x86.ActiveCfg = Debug|x86
		{6B7E480C-D8B3-4CFD-9C59-687F9AEF31E0}.Debug|x86.Build.0 = Debug|x86
		{6B7E480C-D8B3-4CFD-9C59-687F9AEF31E0}.Linux|Any CPU.ActiveCfg = Linux|Any CPU
		{6B7E480C-D8B3-4CFD-9C59-687F9AEF31E0}.Linux|Any CPU.Build.0 = Linux|Any CPU
		{6B7E480C-D8B3-4CFD-9C59-687F9AEF31E0}.Linux|x64.ActiveCfg = Linux|x64
		{6B7E480C-D8B3-4CFD-9C59-687F9AEF31E0}.Linux|x64.Build.0 = Linux|x64
		{6B7E480C-D8B3-4CFD-9C59-687F9AEF31E0}.Linux|x86.ActiveCfg = Linux|x86
		{6B7E480C-D8B3-4CFD-9C59-687F9AEF31E0}.Linux|x86.Build.0 = Linux|x86
		{6B7E480C-D8B3-4CFD-9C59-687F9AEF31E0}.Release|Any CPU.ActiveCfg = Release|Any CPU
		{6B7E480C-D8B3-4CFD-9C59-687F9AEF31E0}.Release|Any CPU.Build.0 = Release|Any CPU
		{6B7E480C-D8B3-4CFD-9C59-687F9AEF31E0}.Release|x64.ActiveCfg = Release|x64
		{6B7E480C-D8B3-4CFD-9C59-687F9AEF31E0}.Release|x64.Build.0 = Release|x64
		{6B7E480C-D8B3-4CFD-9C59-687F9AEF31E0}.Release|x86.ActiveCfg = Release|x86
		{6B7E480C-D8B3-4CFD-9C59-687F9AEF31E0}.Release|x86.Build.0 = Release|x86
		{6B7E480C-D8B3-4CFD-9C59-687F9AEF31E0}.Windows|Any CPU.ActiveCfg = Windows|Any CPU
		{6B7E480C-D8B3-4CFD-9C59-687F9AEF31E0}.Windows|Any CPU.Build.0 = Windows|Any CPU
		{6B7E480C-D8B3-4CFD-9C59-687F9AEF31E0}.Windows|x64.ActiveCfg = Windows|x64
		{6B7E480C-D8B3-4CFD-9C59-687F9AEF31E0}.Windows|x64.Build.0 = Windows|x64
		{6B7E480C-D8B3-4CFD-9C59-687F9AEF31E0}.Windows|x86.ActiveCfg = Windows|x86
		{6B7E480C-D8B3-4CFD-9C59-687F9AEF31E0}.Windows|x86.Build.0 = Windows|x86
		{64ADCA6B-050F-48B1-8039-2D16BC494AF0}.Debug|Any CPU.ActiveCfg = Debug|Any CPU
		{64ADCA6B-050F-48B1-8039-2D16BC494AF0}.Debug|Any CPU.Build.0 = Debug|Any CPU
		{64ADCA6B-050F-48B1-8039-2D16BC494AF0}.Debug|x64.ActiveCfg = Debug|x64
		{64ADCA6B-050F-48B1-8039-2D16BC494AF0}.Debug|x64.Build.0 = Debug|x64
		{64ADCA6B-050F-48B1-8039-2D16BC494AF0}.Debug|x86.ActiveCfg = Debug|x86
		{64ADCA6B-050F-48B1-8039-2D16BC494AF0}.Debug|x86.Build.0 = Debug|x86
		{64ADCA6B-050F-48B1-8039-2D16BC494AF0}.Linux|Any CPU.ActiveCfg = Linux|Any CPU
		{64ADCA6B-050F-48B1-8039-2D16BC494AF0}.Linux|Any CPU.Build.0 = Linux|Any CPU
		{64ADCA6B-050F-48B1-8039-2D16BC494AF0}.Linux|x64.ActiveCfg = Linux|x64
		{64ADCA6B-050F-48B1-8039-2D16BC494AF0}.Linux|x64.Build.0 = Linux|x64
		{64ADCA6B-050F-48B1-8039-2D16BC494AF0}.Linux|x86.ActiveCfg = Linux|x86
		{64ADCA6B-050F-48B1-8039-2D16BC494AF0}.Linux|x86.Build.0 = Linux|x86
		{64ADCA6B-050F-48B1-8039-2D16BC494AF0}.Release|Any CPU.ActiveCfg = Release|Any CPU
		{64ADCA6B-050F-48B1-8039-2D16BC494AF0}.Release|Any CPU.Build.0 = Release|Any CPU
		{64ADCA6B-050F-48B1-8039-2D16BC494AF0}.Release|x64.ActiveCfg = Release|x64
		{64ADCA6B-050F-48B1-8039-2D16BC494AF0}.Release|x64.Build.0 = Release|x64
		{64ADCA6B-050F-48B1-8039-2D16BC494AF0}.Release|x86.ActiveCfg = Release|x86
		{64ADCA6B-050F-48B1-8039-2D16BC494AF0}.Release|x86.Build.0 = Release|x86
		{64ADCA6B-050F-48B1-8039-2D16BC494AF0}.Windows|Any CPU.ActiveCfg = Windows|Any CPU
		{64ADCA6B-050F-48B1-8039-2D16BC494AF0}.Windows|Any CPU.Build.0 = Windows|Any CPU
		{64ADCA6B-050F-48B1-8039-2D16BC494AF0}.Windows|x64.ActiveCfg = Windows|x64
		{64ADCA6B-050F-48B1-8039-2D16BC494AF0}.Windows|x64.Build.0 = Windows|x64
		{64ADCA6B-050F-48B1-8039-2D16BC494AF0}.Windows|x86.ActiveCfg = Windows|x86
		{64ADCA6B-050F-48B1-8039-2D16BC494AF0}.Windows|x86.Build.0 = Windows|x86
		{53D73B63-32BC-4ECC-ACD4-7ED909F08C70}.Debug|Any CPU.ActiveCfg = Debug|Any CPU
		{53D73B63-32BC-4ECC-ACD4-7ED909F08C70}.Debug|Any CPU.Build.0 = Debug|Any CPU
		{53D73B63-32BC-4ECC-ACD4-7ED909F08C70}.Debug|x64.ActiveCfg = Debug|x64
		{53D73B63-32BC-4ECC-ACD4-7ED909F08C70}.Debug|x64.Build.0 = Debug|x64
		{53D73B63-32BC-4ECC-ACD4-7ED909F08C70}.Debug|x86.ActiveCfg = Debug|x86
		{53D73B63-32BC-4ECC-ACD4-7ED909F08C70}.Debug|x86.Build.0 = Debug|x86
		{53D73B63-32BC-4ECC-ACD4-7ED909F08C70}.Linux|Any CPU.ActiveCfg = Linux|Any CPU
		{53D73B63-32BC-4ECC-ACD4-7ED909F08C70}.Linux|Any CPU.Build.0 = Linux|Any CPU
		{53D73B63-32BC-4ECC-ACD4-7ED909F08C70}.Linux|x64.ActiveCfg = Linux|x64
		{53D73B63-32BC-4ECC-ACD4-7ED909F08C70}.Linux|x64.Build.0 = Linux|x64
		{53D73B63-32BC-4ECC-ACD4-7ED909F08C70}.Linux|x86.ActiveCfg = Linux|x86
		{53D73B63-32BC-4ECC-ACD4-7ED909F08C70}.Linux|x86.Build.0 = Linux|x86
		{53D73B63-32BC-4ECC-ACD4-7ED909F08C70}.Release|Any CPU.ActiveCfg = Release|Any CPU
		{53D73B63-32BC-4ECC-ACD4-7ED909F08C70}.Release|Any CPU.Build.0 = Release|Any CPU
		{53D73B63-32BC-4ECC-ACD4-7ED909F08C70}.Release|x64.ActiveCfg = Release|x64
		{53D73B63-32BC-4ECC-ACD4-7ED909F08C70}.Release|x64.Build.0 = Release|x64
		{53D73B63-32BC-4ECC-ACD4-7ED909F08C70}.Release|x86.ActiveCfg = Release|x86
		{53D73B63-32BC-4ECC-ACD4-7ED909F08C70}.Release|x86.Build.0 = Release|x86
		{53D73B63-32BC-4ECC-ACD4-7ED909F08C70}.Windows|Any CPU.ActiveCfg = Windows|Any CPU
		{53D73B63-32BC-4ECC-ACD4-7ED909F08C70}.Windows|Any CPU.Build.0 = Windows|Any CPU
		{53D73B63-32BC-4ECC-ACD4-7ED909F08C70}.Windows|x64.ActiveCfg = Windows|x64
		{53D73B63-32BC-4ECC-ACD4-7ED909F08C70}.Windows|x64.Build.0 = Windows|x64
		{53D73B63-32BC-4ECC-ACD4-7ED909F08C70}.Windows|x86.ActiveCfg = Windows|x86
		{53D73B63-32BC-4ECC-ACD4-7ED909F08C70}.Windows|x86.Build.0 = Windows|x86
		{521CB3C7-F19C-4B92-8A39-4537BEC094B5}.Debug|Any CPU.ActiveCfg = Debug|Any CPU
		{521CB3C7-F19C-4B92-8A39-4537BEC094B5}.Debug|Any CPU.Build.0 = Debug|Any CPU
		{521CB3C7-F19C-4B92-8A39-4537BEC094B5}.Debug|x64.ActiveCfg = Debug|x64
		{521CB3C7-F19C-4B92-8A39-4537BEC094B5}.Debug|x64.Build.0 = Debug|x64
		{521CB3C7-F19C-4B92-8A39-4537BEC094B5}.Debug|x86.ActiveCfg = Debug|x86
		{521CB3C7-F19C-4B92-8A39-4537BEC094B5}.Debug|x86.Build.0 = Debug|x86
		{521CB3C7-F19C-4B92-8A39-4537BEC094B5}.Linux|Any CPU.ActiveCfg = Linux|Any CPU
		{521CB3C7-F19C-4B92-8A39-4537BEC094B5}.Linux|Any CPU.Build.0 = Linux|Any CPU
		{521CB3C7-F19C-4B92-8A39-4537BEC094B5}.Linux|x64.ActiveCfg = Linux|x64
		{521CB3C7-F19C-4B92-8A39-4537BEC094B5}.Linux|x64.Build.0 = Linux|x64
		{521CB3C7-F19C-4B92-8A39-4537BEC094B5}.Linux|x86.ActiveCfg = Linux|x86
		{521CB3C7-F19C-4B92-8A39-4537BEC094B5}.Linux|x86.Build.0 = Linux|x86
		{521CB3C7-F19C-4B92-8A39-4537BEC094B5}.Release|Any CPU.ActiveCfg = Release|Any CPU
		{521CB3C7-F19C-4B92-8A39-4537BEC094B5}.Release|Any CPU.Build.0 = Release|Any CPU
		{521CB3C7-F19C-4B92-8A39-4537BEC094B5}.Release|x64.ActiveCfg = Release|x64
		{521CB3C7-F19C-4B92-8A39-4537BEC094B5}.Release|x64.Build.0 = Release|x64
		{521CB3C7-F19C-4B92-8A39-4537BEC094B5}.Release|x86.ActiveCfg = Release|x86
		{521CB3C7-F19C-4B92-8A39-4537BEC094B5}.Release|x86.Build.0 = Release|x86
		{521CB3C7-F19C-4B92-8A39-4537BEC094B5}.Windows|Any CPU.ActiveCfg = Windows|Any CPU
		{521CB3C7-F19C-4B92-8A39-4537BEC094B5}.Windows|Any CPU.Build.0 = Windows|Any CPU
		{521CB3C7-F19C-4B92-8A39-4537BEC094B5}.Windows|x64.ActiveCfg = Windows|x64
		{521CB3C7-F19C-4B92-8A39-4537BEC094B5}.Windows|x64.Build.0 = Windows|x64
		{521CB3C7-F19C-4B92-8A39-4537BEC094B5}.Windows|x86.ActiveCfg = Windows|x86
		{521CB3C7-F19C-4B92-8A39-4537BEC094B5}.Windows|x86.Build.0 = Windows|x86
		{DDB18A5F-FF1D-4245-84DF-F28CC97B7DCC}.Debug|Any CPU.ActiveCfg = Debug|Any CPU
		{DDB18A5F-FF1D-4245-84DF-F28CC97B7DCC}.Debug|Any CPU.Build.0 = Debug|Any CPU
		{DDB18A5F-FF1D-4245-84DF-F28CC97B7DCC}.Debug|x64.ActiveCfg = Debug|x64
		{DDB18A5F-FF1D-4245-84DF-F28CC97B7DCC}.Debug|x64.Build.0 = Debug|x64
		{DDB18A5F-FF1D-4245-84DF-F28CC97B7DCC}.Debug|x86.ActiveCfg = Debug|x86
		{DDB18A5F-FF1D-4245-84DF-F28CC97B7DCC}.Debug|x86.Build.0 = Debug|x86
		{DDB18A5F-FF1D-4245-84DF-F28CC97B7DCC}.Linux|Any CPU.ActiveCfg = Release|Any CPU
		{DDB18A5F-FF1D-4245-84DF-F28CC97B7DCC}.Linux|Any CPU.Build.0 = Release|Any CPU
		{DDB18A5F-FF1D-4245-84DF-F28CC97B7DCC}.Linux|x64.ActiveCfg = Release|x64
		{DDB18A5F-FF1D-4245-84DF-F28CC97B7DCC}.Linux|x64.Build.0 = Release|x64
		{DDB18A5F-FF1D-4245-84DF-F28CC97B7DCC}.Linux|x86.ActiveCfg = Release|x86
		{DDB18A5F-FF1D-4245-84DF-F28CC97B7DCC}.Linux|x86.Build.0 = Release|x86
		{DDB18A5F-FF1D-4245-84DF-F28CC97B7DCC}.Release|Any CPU.ActiveCfg = Release|Any CPU
		{DDB18A5F-FF1D-4245-84DF-F28CC97B7DCC}.Release|Any CPU.Build.0 = Release|Any CPU
		{DDB18A5F-FF1D-4245-84DF-F28CC97B7DCC}.Release|x64.ActiveCfg = Release|x64
		{DDB18A5F-FF1D-4245-84DF-F28CC97B7DCC}.Release|x64.Build.0 = Release|x64
		{DDB18A5F-FF1D-4245-84DF-F28CC97B7DCC}.Release|x86.ActiveCfg = Release|x86
		{DDB18A5F-FF1D-4245-84DF-F28CC97B7DCC}.Release|x86.Build.0 = Release|x86
		{DDB18A5F-FF1D-4245-84DF-F28CC97B7DCC}.Windows|Any CPU.ActiveCfg = Release|Any CPU
		{DDB18A5F-FF1D-4245-84DF-F28CC97B7DCC}.Windows|Any CPU.Build.0 = Release|Any CPU
		{DDB18A5F-FF1D-4245-84DF-F28CC97B7DCC}.Windows|x64.ActiveCfg = Release|x64
		{DDB18A5F-FF1D-4245-84DF-F28CC97B7DCC}.Windows|x64.Build.0 = Release|x64
		{DDB18A5F-FF1D-4245-84DF-F28CC97B7DCC}.Windows|x86.ActiveCfg = Release|x86
		{DDB18A5F-FF1D-4245-84DF-F28CC97B7DCC}.Windows|x86.Build.0 = Release|x86
		{A4EB0077-FFB4-433F-8514-674A5E0DA1CF}.Debug|Any CPU.ActiveCfg = Debug|Any CPU
		{A4EB0077-FFB4-433F-8514-674A5E0DA1CF}.Debug|Any CPU.Build.0 = Debug|Any CPU
		{A4EB0077-FFB4-433F-8514-674A5E0DA1CF}.Debug|x64.ActiveCfg = Debug|x64
		{A4EB0077-FFB4-433F-8514-674A5E0DA1CF}.Debug|x64.Build.0 = Debug|x64
		{A4EB0077-FFB4-433F-8514-674A5E0DA1CF}.Debug|x86.ActiveCfg = Debug|x86
		{A4EB0077-FFB4-433F-8514-674A5E0DA1CF}.Debug|x86.Build.0 = Debug|x86
		{A4EB0077-FFB4-433F-8514-674A5E0DA1CF}.Linux|Any CPU.ActiveCfg = Linux|Any CPU
		{A4EB0077-FFB4-433F-8514-674A5E0DA1CF}.Linux|Any CPU.Build.0 = Linux|Any CPU
		{A4EB0077-FFB4-433F-8514-674A5E0DA1CF}.Linux|x64.ActiveCfg = Linux|x64
		{A4EB0077-FFB4-433F-8514-674A5E0DA1CF}.Linux|x64.Build.0 = Linux|x64
		{A4EB0077-FFB4-433F-8514-674A5E0DA1CF}.Linux|x86.ActiveCfg = Linux|x86
		{A4EB0077-FFB4-433F-8514-674A5E0DA1CF}.Linux|x86.Build.0 = Linux|x86
		{A4EB0077-FFB4-433F-8514-674A5E0DA1CF}.Release|Any CPU.ActiveCfg = Release|Any CPU
		{A4EB0077-FFB4-433F-8514-674A5E0DA1CF}.Release|Any CPU.Build.0 = Release|Any CPU
		{A4EB0077-FFB4-433F-8514-674A5E0DA1CF}.Release|x64.ActiveCfg = Release|x64
		{A4EB0077-FFB4-433F-8514-674A5E0DA1CF}.Release|x64.Build.0 = Release|x64
		{A4EB0077-FFB4-433F-8514-674A5E0DA1CF}.Release|x86.ActiveCfg = Release|x86
		{A4EB0077-FFB4-433F-8514-674A5E0DA1CF}.Release|x86.Build.0 = Release|x86
		{A4EB0077-FFB4-433F-8514-674A5E0DA1CF}.Windows|Any CPU.ActiveCfg = Windows|Any CPU
		{A4EB0077-FFB4-433F-8514-674A5E0DA1CF}.Windows|Any CPU.Build.0 = Windows|Any CPU
		{A4EB0077-FFB4-433F-8514-674A5E0DA1CF}.Windows|x64.ActiveCfg = Windows|x64
		{A4EB0077-FFB4-433F-8514-674A5E0DA1CF}.Windows|x64.Build.0 = Windows|x64
		{A4EB0077-FFB4-433F-8514-674A5E0DA1CF}.Windows|x86.ActiveCfg = Windows|x86
		{A4EB0077-FFB4-433F-8514-674A5E0DA1CF}.Windows|x86.Build.0 = Windows|x86
		{6AA3BF06-BAE1-43DF-AACE-BB2E25D1A103}.Debug|Any CPU.ActiveCfg = Debug|Any CPU
		{6AA3BF06-BAE1-43DF-AACE-BB2E25D1A103}.Debug|Any CPU.Build.0 = Debug|Any CPU
		{6AA3BF06-BAE1-43DF-AACE-BB2E25D1A103}.Debug|x64.ActiveCfg = Debug|x64
		{6AA3BF06-BAE1-43DF-AACE-BB2E25D1A103}.Debug|x64.Build.0 = Debug|x64
		{6AA3BF06-BAE1-43DF-AACE-BB2E25D1A103}.Debug|x86.ActiveCfg = Debug|x86
		{6AA3BF06-BAE1-43DF-AACE-BB2E25D1A103}.Debug|x86.Build.0 = Debug|x86
		{6AA3BF06-BAE1-43DF-AACE-BB2E25D1A103}.Linux|Any CPU.ActiveCfg = Linux|Any CPU
		{6AA3BF06-BAE1-43DF-AACE-BB2E25D1A103}.Linux|Any CPU.Build.0 = Linux|Any CPU
		{6AA3BF06-BAE1-43DF-AACE-BB2E25D1A103}.Linux|x64.ActiveCfg = Linux|x64
		{6AA3BF06-BAE1-43DF-AACE-BB2E25D1A103}.Linux|x64.Build.0 = Linux|x64
		{6AA3BF06-BAE1-43DF-AACE-BB2E25D1A103}.Linux|x86.ActiveCfg = Linux|x86
		{6AA3BF06-BAE1-43DF-AACE-BB2E25D1A103}.Linux|x86.Build.0 = Linux|x86
		{6AA3BF06-BAE1-43DF-AACE-BB2E25D1A103}.Release|Any CPU.ActiveCfg = Release|Any CPU
		{6AA3BF06-BAE1-43DF-AACE-BB2E25D1A103}.Release|Any CPU.Build.0 = Release|Any CPU
		{6AA3BF06-BAE1-43DF-AACE-BB2E25D1A103}.Release|x64.ActiveCfg = Release|x64
		{6AA3BF06-BAE1-43DF-AACE-BB2E25D1A103}.Release|x64.Build.0 = Release|x64
		{6AA3BF06-BAE1-43DF-AACE-BB2E25D1A103}.Release|x86.ActiveCfg = Release|x86
		{6AA3BF06-BAE1-43DF-AACE-BB2E25D1A103}.Release|x86.Build.0 = Release|x86
		{6AA3BF06-BAE1-43DF-AACE-BB2E25D1A103}.Windows|Any CPU.ActiveCfg = Windows|Any CPU
		{6AA3BF06-BAE1-43DF-AACE-BB2E25D1A103}.Windows|Any CPU.Build.0 = Windows|Any CPU
		{6AA3BF06-BAE1-43DF-AACE-BB2E25D1A103}.Windows|x64.ActiveCfg = Windows|x64
		{6AA3BF06-BAE1-43DF-AACE-BB2E25D1A103}.Windows|x64.Build.0 = Windows|x64
		{6AA3BF06-BAE1-43DF-AACE-BB2E25D1A103}.Windows|x86.ActiveCfg = Windows|x86
		{6AA3BF06-BAE1-43DF-AACE-BB2E25D1A103}.Windows|x86.Build.0 = Windows|x86
		{CD5BA3EA-1DB7-4D2E-9CFE-4E29C2DC5EBD}.Debug|Any CPU.ActiveCfg = Debug|Any CPU
		{CD5BA3EA-1DB7-4D2E-9CFE-4E29C2DC5EBD}.Debug|Any CPU.Build.0 = Debug|Any CPU
		{CD5BA3EA-1DB7-4D2E-9CFE-4E29C2DC5EBD}.Debug|x64.ActiveCfg = Debug|x64
		{CD5BA3EA-1DB7-4D2E-9CFE-4E29C2DC5EBD}.Debug|x64.Build.0 = Debug|x64
		{CD5BA3EA-1DB7-4D2E-9CFE-4E29C2DC5EBD}.Debug|x86.ActiveCfg = Debug|x86
		{CD5BA3EA-1DB7-4D2E-9CFE-4E29C2DC5EBD}.Debug|x86.Build.0 = Debug|x86
		{CD5BA3EA-1DB7-4D2E-9CFE-4E29C2DC5EBD}.Linux|Any CPU.ActiveCfg = Linux|Any CPU
		{CD5BA3EA-1DB7-4D2E-9CFE-4E29C2DC5EBD}.Linux|Any CPU.Build.0 = Linux|Any CPU
		{CD5BA3EA-1DB7-4D2E-9CFE-4E29C2DC5EBD}.Linux|x64.ActiveCfg = Linux|x64
		{CD5BA3EA-1DB7-4D2E-9CFE-4E29C2DC5EBD}.Linux|x64.Build.0 = Linux|x64
		{CD5BA3EA-1DB7-4D2E-9CFE-4E29C2DC5EBD}.Linux|x86.ActiveCfg = Linux|x86
		{CD5BA3EA-1DB7-4D2E-9CFE-4E29C2DC5EBD}.Linux|x86.Build.0 = Linux|x86
		{CD5BA3EA-1DB7-4D2E-9CFE-4E29C2DC5EBD}.Release|Any CPU.ActiveCfg = Release|Any CPU
		{CD5BA3EA-1DB7-4D2E-9CFE-4E29C2DC5EBD}.Release|Any CPU.Build.0 = Release|Any CPU
		{CD5BA3EA-1DB7-4D2E-9CFE-4E29C2DC5EBD}.Release|x64.ActiveCfg = Release|x64
		{CD5BA3EA-1DB7-4D2E-9CFE-4E29C2DC5EBD}.Release|x64.Build.0 = Release|x64
		{CD5BA3EA-1DB7-4D2E-9CFE-4E29C2DC5EBD}.Release|x86.ActiveCfg = Release|x86
		{CD5BA3EA-1DB7-4D2E-9CFE-4E29C2DC5EBD}.Release|x86.Build.0 = Release|x86
		{CD5BA3EA-1DB7-4D2E-9CFE-4E29C2DC5EBD}.Windows|Any CPU.ActiveCfg = Windows|Any CPU
		{CD5BA3EA-1DB7-4D2E-9CFE-4E29C2DC5EBD}.Windows|Any CPU.Build.0 = Windows|Any CPU
		{CD5BA3EA-1DB7-4D2E-9CFE-4E29C2DC5EBD}.Windows|x64.ActiveCfg = Windows|x64
		{CD5BA3EA-1DB7-4D2E-9CFE-4E29C2DC5EBD}.Windows|x64.Build.0 = Windows|x64
		{CD5BA3EA-1DB7-4D2E-9CFE-4E29C2DC5EBD}.Windows|x86.ActiveCfg = Windows|x86
		{CD5BA3EA-1DB7-4D2E-9CFE-4E29C2DC5EBD}.Windows|x86.Build.0 = Windows|x86
		{3B1B5239-C1C7-4553-9E71-D0DE9B3C21F9}.Debug|Any CPU.ActiveCfg = Debug|Any CPU
		{3B1B5239-C1C7-4553-9E71-D0DE9B3C21F9}.Debug|Any CPU.Build.0 = Debug|Any CPU
		{3B1B5239-C1C7-4553-9E71-D0DE9B3C21F9}.Debug|x64.ActiveCfg = Debug|x64
		{3B1B5239-C1C7-4553-9E71-D0DE9B3C21F9}.Debug|x64.Build.0 = Debug|x64
		{3B1B5239-C1C7-4553-9E71-D0DE9B3C21F9}.Debug|x86.ActiveCfg = Debug|x86
		{3B1B5239-C1C7-4553-9E71-D0DE9B3C21F9}.Debug|x86.Build.0 = Debug|x86
		{3B1B5239-C1C7-4553-9E71-D0DE9B3C21F9}.Linux|Any CPU.ActiveCfg = Linux|Any CPU
		{3B1B5239-C1C7-4553-9E71-D0DE9B3C21F9}.Linux|Any CPU.Build.0 = Linux|Any CPU
		{3B1B5239-C1C7-4553-9E71-D0DE9B3C21F9}.Linux|x64.ActiveCfg = Linux|x64
		{3B1B5239-C1C7-4553-9E71-D0DE9B3C21F9}.Linux|x64.Build.0 = Linux|x64
		{3B1B5239-C1C7-4553-9E71-D0DE9B3C21F9}.Linux|x86.ActiveCfg = Linux|x86
		{3B1B5239-C1C7-4553-9E71-D0DE9B3C21F9}.Linux|x86.Build.0 = Linux|x86
		{3B1B5239-C1C7-4553-9E71-D0DE9B3C21F9}.Release|Any CPU.ActiveCfg = Release|Any CPU
		{3B1B5239-C1C7-4553-9E71-D0DE9B3C21F9}.Release|Any CPU.Build.0 = Release|Any CPU
		{3B1B5239-C1C7-4553-9E71-D0DE9B3C21F9}.Release|x64.ActiveCfg = Release|x64
		{3B1B5239-C1C7-4553-9E71-D0DE9B3C21F9}.Release|x64.Build.0 = Release|x64
		{3B1B5239-C1C7-4553-9E71-D0DE9B3C21F9}.Release|x86.ActiveCfg = Release|x86
		{3B1B5239-C1C7-4553-9E71-D0DE9B3C21F9}.Release|x86.Build.0 = Release|x86
		{3B1B5239-C1C7-4553-9E71-D0DE9B3C21F9}.Windows|Any CPU.ActiveCfg = Windows|Any CPU
		{3B1B5239-C1C7-4553-9E71-D0DE9B3C21F9}.Windows|Any CPU.Build.0 = Windows|Any CPU
		{3B1B5239-C1C7-4553-9E71-D0DE9B3C21F9}.Windows|x64.ActiveCfg = Windows|x64
		{3B1B5239-C1C7-4553-9E71-D0DE9B3C21F9}.Windows|x64.Build.0 = Windows|x64
		{3B1B5239-C1C7-4553-9E71-D0DE9B3C21F9}.Windows|x86.ActiveCfg = Windows|x86
		{3B1B5239-C1C7-4553-9E71-D0DE9B3C21F9}.Windows|x86.Build.0 = Windows|x86
		{79B35CF5-1E81-4F34-8A12-D82185C59D32}.Debug|Any CPU.ActiveCfg = Debug|Any CPU
		{79B35CF5-1E81-4F34-8A12-D82185C59D32}.Debug|Any CPU.Build.0 = Debug|Any CPU
		{79B35CF5-1E81-4F34-8A12-D82185C59D32}.Debug|x64.ActiveCfg = Debug|x64
		{79B35CF5-1E81-4F34-8A12-D82185C59D32}.Debug|x64.Build.0 = Debug|x64
		{79B35CF5-1E81-4F34-8A12-D82185C59D32}.Debug|x86.ActiveCfg = Debug|x86
		{79B35CF5-1E81-4F34-8A12-D82185C59D32}.Debug|x86.Build.0 = Debug|x86
		{79B35CF5-1E81-4F34-8A12-D82185C59D32}.Linux|Any CPU.ActiveCfg = Linux|Any CPU
		{79B35CF5-1E81-4F34-8A12-D82185C59D32}.Linux|Any CPU.Build.0 = Linux|Any CPU
		{79B35CF5-1E81-4F34-8A12-D82185C59D32}.Linux|x64.ActiveCfg = Linux|x64
		{79B35CF5-1E81-4F34-8A12-D82185C59D32}.Linux|x64.Build.0 = Linux|x64
		{79B35CF5-1E81-4F34-8A12-D82185C59D32}.Linux|x86.ActiveCfg = Linux|x86
		{79B35CF5-1E81-4F34-8A12-D82185C59D32}.Linux|x86.Build.0 = Linux|x86
		{79B35CF5-1E81-4F34-8A12-D82185C59D32}.Release|Any CPU.ActiveCfg = Release|Any CPU
		{79B35CF5-1E81-4F34-8A12-D82185C59D32}.Release|Any CPU.Build.0 = Release|Any CPU
		{79B35CF5-1E81-4F34-8A12-D82185C59D32}.Release|x64.ActiveCfg = Release|x64
		{79B35CF5-1E81-4F34-8A12-D82185C59D32}.Release|x64.Build.0 = Release|x64
		{79B35CF5-1E81-4F34-8A12-D82185C59D32}.Release|x86.ActiveCfg = Release|x86
		{79B35CF5-1E81-4F34-8A12-D82185C59D32}.Release|x86.Build.0 = Release|x86
		{79B35CF5-1E81-4F34-8A12-D82185C59D32}.Windows|Any CPU.ActiveCfg = Windows|Any CPU
		{79B35CF5-1E81-4F34-8A12-D82185C59D32}.Windows|Any CPU.Build.0 = Windows|Any CPU
		{79B35CF5-1E81-4F34-8A12-D82185C59D32}.Windows|x64.ActiveCfg = Windows|x64
		{79B35CF5-1E81-4F34-8A12-D82185C59D32}.Windows|x64.Build.0 = Windows|x64
		{79B35CF5-1E81-4F34-8A12-D82185C59D32}.Windows|x86.ActiveCfg = Windows|x86
		{79B35CF5-1E81-4F34-8A12-D82185C59D32}.Windows|x86.Build.0 = Windows|x86
		{43F97539-F59B-44CB-948F-B1AD41FC8E5E}.Debug|Any CPU.ActiveCfg = Debug|Any CPU
		{43F97539-F59B-44CB-948F-B1AD41FC8E5E}.Debug|Any CPU.Build.0 = Debug|Any CPU
		{43F97539-F59B-44CB-948F-B1AD41FC8E5E}.Debug|x64.ActiveCfg = Debug|x64
		{43F97539-F59B-44CB-948F-B1AD41FC8E5E}.Debug|x64.Build.0 = Debug|x64
		{43F97539-F59B-44CB-948F-B1AD41FC8E5E}.Debug|x86.ActiveCfg = Debug|x86
		{43F97539-F59B-44CB-948F-B1AD41FC8E5E}.Debug|x86.Build.0 = Debug|x86
		{43F97539-F59B-44CB-948F-B1AD41FC8E5E}.Linux|Any CPU.ActiveCfg = Linux|Any CPU
		{43F97539-F59B-44CB-948F-B1AD41FC8E5E}.Linux|Any CPU.Build.0 = Linux|Any CPU
		{43F97539-F59B-44CB-948F-B1AD41FC8E5E}.Linux|x64.ActiveCfg = Linux|x64
		{43F97539-F59B-44CB-948F-B1AD41FC8E5E}.Linux|x64.Build.0 = Linux|x64
		{43F97539-F59B-44CB-948F-B1AD41FC8E5E}.Linux|x86.ActiveCfg = Linux|x86
		{43F97539-F59B-44CB-948F-B1AD41FC8E5E}.Linux|x86.Build.0 = Linux|x86
		{43F97539-F59B-44CB-948F-B1AD41FC8E5E}.Release|Any CPU.ActiveCfg = Release|Any CPU
		{43F97539-F59B-44CB-948F-B1AD41FC8E5E}.Release|Any CPU.Build.0 = Release|Any CPU
		{43F97539-F59B-44CB-948F-B1AD41FC8E5E}.Release|x64.ActiveCfg = Release|x64
		{43F97539-F59B-44CB-948F-B1AD41FC8E5E}.Release|x64.Build.0 = Release|x64
		{43F97539-F59B-44CB-948F-B1AD41FC8E5E}.Release|x86.ActiveCfg = Release|x86
		{43F97539-F59B-44CB-948F-B1AD41FC8E5E}.Release|x86.Build.0 = Release|x86
		{43F97539-F59B-44CB-948F-B1AD41FC8E5E}.Windows|Any CPU.ActiveCfg = Windows|Any CPU
		{43F97539-F59B-44CB-948F-B1AD41FC8E5E}.Windows|Any CPU.Build.0 = Windows|Any CPU
		{43F97539-F59B-44CB-948F-B1AD41FC8E5E}.Windows|x64.ActiveCfg = Windows|x64
		{43F97539-F59B-44CB-948F-B1AD41FC8E5E}.Windows|x64.Build.0 = Windows|x64
		{43F97539-F59B-44CB-948F-B1AD41FC8E5E}.Windows|x86.ActiveCfg = Windows|x86
		{43F97539-F59B-44CB-948F-B1AD41FC8E5E}.Windows|x86.Build.0 = Windows|x86
		{2FE2D4CA-5F3A-4B06-A95F-5F561B1AEFE4}.Debug|Any CPU.ActiveCfg = Debug|Any CPU
		{2FE2D4CA-5F3A-4B06-A95F-5F561B1AEFE4}.Debug|Any CPU.Build.0 = Debug|Any CPU
		{2FE2D4CA-5F3A-4B06-A95F-5F561B1AEFE4}.Debug|x64.ActiveCfg = Debug|x64
		{2FE2D4CA-5F3A-4B06-A95F-5F561B1AEFE4}.Debug|x64.Build.0 = Debug|x64
		{2FE2D4CA-5F3A-4B06-A95F-5F561B1AEFE4}.Debug|x86.ActiveCfg = Debug|x86
		{2FE2D4CA-5F3A-4B06-A95F-5F561B1AEFE4}.Debug|x86.Build.0 = Debug|x86
		{2FE2D4CA-5F3A-4B06-A95F-5F561B1AEFE4}.Linux|Any CPU.ActiveCfg = Linux|Any CPU
		{2FE2D4CA-5F3A-4B06-A95F-5F561B1AEFE4}.Linux|Any CPU.Build.0 = Linux|Any CPU
		{2FE2D4CA-5F3A-4B06-A95F-5F561B1AEFE4}.Linux|x64.ActiveCfg = Linux|x64
		{2FE2D4CA-5F3A-4B06-A95F-5F561B1AEFE4}.Linux|x64.Build.0 = Linux|x64
		{2FE2D4CA-5F3A-4B06-A95F-5F561B1AEFE4}.Linux|x86.ActiveCfg = Linux|x86
		{2FE2D4CA-5F3A-4B06-A95F-5F561B1AEFE4}.Linux|x86.Build.0 = Linux|x86
		{2FE2D4CA-5F3A-4B06-A95F-5F561B1AEFE4}.Release|Any CPU.ActiveCfg = Release|Any CPU
		{2FE2D4CA-5F3A-4B06-A95F-5F561B1AEFE4}.Release|Any CPU.Build.0 = Release|Any CPU
		{2FE2D4CA-5F3A-4B06-A95F-5F561B1AEFE4}.Release|x64.ActiveCfg = Release|x64
		{2FE2D4CA-5F3A-4B06-A95F-5F561B1AEFE4}.Release|x64.Build.0 = Release|x64
		{2FE2D4CA-5F3A-4B06-A95F-5F561B1AEFE4}.Release|x86.ActiveCfg = Release|x86
		{2FE2D4CA-5F3A-4B06-A95F-5F561B1AEFE4}.Release|x86.Build.0 = Release|x86
		{2FE2D4CA-5F3A-4B06-A95F-5F561B1AEFE4}.Windows|Any CPU.ActiveCfg = Windows|Any CPU
		{2FE2D4CA-5F3A-4B06-A95F-5F561B1AEFE4}.Windows|Any CPU.Build.0 = Windows|Any CPU
		{2FE2D4CA-5F3A-4B06-A95F-5F561B1AEFE4}.Windows|x64.ActiveCfg = Windows|x64
		{2FE2D4CA-5F3A-4B06-A95F-5F561B1AEFE4}.Windows|x64.Build.0 = Windows|x64
		{2FE2D4CA-5F3A-4B06-A95F-5F561B1AEFE4}.Windows|x86.ActiveCfg = Windows|x86
		{2FE2D4CA-5F3A-4B06-A95F-5F561B1AEFE4}.Windows|x86.Build.0 = Windows|x86
		{F24F8138-6200-4FB4-97BC-3D70D0381C27}.Debug|Any CPU.ActiveCfg = Debug|Any CPU
		{F24F8138-6200-4FB4-97BC-3D70D0381C27}.Debug|Any CPU.Build.0 = Debug|Any CPU
		{F24F8138-6200-4FB4-97BC-3D70D0381C27}.Debug|x64.ActiveCfg = Debug|x64
		{F24F8138-6200-4FB4-97BC-3D70D0381C27}.Debug|x64.Build.0 = Debug|x64
		{F24F8138-6200-4FB4-97BC-3D70D0381C27}.Debug|x86.ActiveCfg = Debug|x86
		{F24F8138-6200-4FB4-97BC-3D70D0381C27}.Debug|x86.Build.0 = Debug|x86
		{F24F8138-6200-4FB4-97BC-3D70D0381C27}.Linux|Any CPU.ActiveCfg = Linux|Any CPU
		{F24F8138-6200-4FB4-97BC-3D70D0381C27}.Linux|Any CPU.Build.0 = Linux|Any CPU
		{F24F8138-6200-4FB4-97BC-3D70D0381C27}.Linux|x64.ActiveCfg = Linux|x64
		{F24F8138-6200-4FB4-97BC-3D70D0381C27}.Linux|x64.Build.0 = Linux|x64
		{F24F8138-6200-4FB4-97BC-3D70D0381C27}.Linux|x86.ActiveCfg = Linux|x86
		{F24F8138-6200-4FB4-97BC-3D70D0381C27}.Linux|x86.Build.0 = Linux|x86
		{F24F8138-6200-4FB4-97BC-3D70D0381C27}.Release|Any CPU.ActiveCfg = Release|Any CPU
		{F24F8138-6200-4FB4-97BC-3D70D0381C27}.Release|Any CPU.Build.0 = Release|Any CPU
		{F24F8138-6200-4FB4-97BC-3D70D0381C27}.Release|x64.ActiveCfg = Release|x64
		{F24F8138-6200-4FB4-97BC-3D70D0381C27}.Release|x64.Build.0 = Release|x64
		{F24F8138-6200-4FB4-97BC-3D70D0381C27}.Release|x86.ActiveCfg = Release|x86
		{F24F8138-6200-4FB4-97BC-3D70D0381C27}.Release|x86.Build.0 = Release|x86
		{F24F8138-6200-4FB4-97BC-3D70D0381C27}.Windows|Any CPU.ActiveCfg = Windows|Any CPU
		{F24F8138-6200-4FB4-97BC-3D70D0381C27}.Windows|Any CPU.Build.0 = Windows|Any CPU
		{F24F8138-6200-4FB4-97BC-3D70D0381C27}.Windows|x64.ActiveCfg = Windows|x64
		{F24F8138-6200-4FB4-97BC-3D70D0381C27}.Windows|x64.Build.0 = Windows|x64
		{F24F8138-6200-4FB4-97BC-3D70D0381C27}.Windows|x86.ActiveCfg = Windows|x86
		{F24F8138-6200-4FB4-97BC-3D70D0381C27}.Windows|x86.Build.0 = Windows|x86
		{900A9447-BD0F-4D92-A92D-554FA8E7A00C}.Debug|Any CPU.ActiveCfg = Debug|Any CPU
		{900A9447-BD0F-4D92-A92D-554FA8E7A00C}.Debug|Any CPU.Build.0 = Debug|Any CPU
		{900A9447-BD0F-4D92-A92D-554FA8E7A00C}.Debug|x64.ActiveCfg = Debug|x64
		{900A9447-BD0F-4D92-A92D-554FA8E7A00C}.Debug|x64.Build.0 = Debug|x64
		{900A9447-BD0F-4D92-A92D-554FA8E7A00C}.Debug|x86.ActiveCfg = Debug|x86
		{900A9447-BD0F-4D92-A92D-554FA8E7A00C}.Debug|x86.Build.0 = Debug|x86
		{900A9447-BD0F-4D92-A92D-554FA8E7A00C}.Linux|Any CPU.ActiveCfg = Linux|Any CPU
		{900A9447-BD0F-4D92-A92D-554FA8E7A00C}.Linux|Any CPU.Build.0 = Linux|Any CPU
		{900A9447-BD0F-4D92-A92D-554FA8E7A00C}.Linux|x64.ActiveCfg = Linux|x64
		{900A9447-BD0F-4D92-A92D-554FA8E7A00C}.Linux|x64.Build.0 = Linux|x64
		{900A9447-BD0F-4D92-A92D-554FA8E7A00C}.Linux|x86.ActiveCfg = Linux|x86
		{900A9447-BD0F-4D92-A92D-554FA8E7A00C}.Linux|x86.Build.0 = Linux|x86
		{900A9447-BD0F-4D92-A92D-554FA8E7A00C}.Release|Any CPU.ActiveCfg = Release|Any CPU
		{900A9447-BD0F-4D92-A92D-554FA8E7A00C}.Release|Any CPU.Build.0 = Release|Any CPU
		{900A9447-BD0F-4D92-A92D-554FA8E7A00C}.Release|x64.ActiveCfg = Release|x64
		{900A9447-BD0F-4D92-A92D-554FA8E7A00C}.Release|x64.Build.0 = Release|x64
		{900A9447-BD0F-4D92-A92D-554FA8E7A00C}.Release|x86.ActiveCfg = Release|x86
		{900A9447-BD0F-4D92-A92D-554FA8E7A00C}.Release|x86.Build.0 = Release|x86
		{900A9447-BD0F-4D92-A92D-554FA8E7A00C}.Windows|Any CPU.ActiveCfg = Windows|Any CPU
		{900A9447-BD0F-4D92-A92D-554FA8E7A00C}.Windows|Any CPU.Build.0 = Windows|Any CPU
		{900A9447-BD0F-4D92-A92D-554FA8E7A00C}.Windows|x64.ActiveCfg = Windows|x64
		{900A9447-BD0F-4D92-A92D-554FA8E7A00C}.Windows|x64.Build.0 = Windows|x64
		{900A9447-BD0F-4D92-A92D-554FA8E7A00C}.Windows|x86.ActiveCfg = Windows|x86
		{900A9447-BD0F-4D92-A92D-554FA8E7A00C}.Windows|x86.Build.0 = Windows|x86
		{5ECCA070-31F1-45A3-B352-D107183811DD}.Debug|Any CPU.ActiveCfg = Debug|Any CPU
		{5ECCA070-31F1-45A3-B352-D107183811DD}.Debug|Any CPU.Build.0 = Debug|Any CPU
		{5ECCA070-31F1-45A3-B352-D107183811DD}.Debug|x64.ActiveCfg = Debug|x64
		{5ECCA070-31F1-45A3-B352-D107183811DD}.Debug|x64.Build.0 = Debug|x64
		{5ECCA070-31F1-45A3-B352-D107183811DD}.Debug|x86.ActiveCfg = Debug|x86
		{5ECCA070-31F1-45A3-B352-D107183811DD}.Debug|x86.Build.0 = Debug|x86
		{5ECCA070-31F1-45A3-B352-D107183811DD}.Linux|Any CPU.ActiveCfg = Linux|Any CPU
		{5ECCA070-31F1-45A3-B352-D107183811DD}.Linux|Any CPU.Build.0 = Linux|Any CPU
		{5ECCA070-31F1-45A3-B352-D107183811DD}.Linux|x64.ActiveCfg = Linux|x64
		{5ECCA070-31F1-45A3-B352-D107183811DD}.Linux|x64.Build.0 = Linux|x64
		{5ECCA070-31F1-45A3-B352-D107183811DD}.Linux|x86.ActiveCfg = Linux|x86
		{5ECCA070-31F1-45A3-B352-D107183811DD}.Linux|x86.Build.0 = Linux|x86
		{5ECCA070-31F1-45A3-B352-D107183811DD}.Release|Any CPU.ActiveCfg = Release|Any CPU
		{5ECCA070-31F1-45A3-B352-D107183811DD}.Release|Any CPU.Build.0 = Release|Any CPU
		{5ECCA070-31F1-45A3-B352-D107183811DD}.Release|x64.ActiveCfg = Release|x64
		{5ECCA070-31F1-45A3-B352-D107183811DD}.Release|x64.Build.0 = Release|x64
		{5ECCA070-31F1-45A3-B352-D107183811DD}.Release|x86.ActiveCfg = Release|x86
		{5ECCA070-31F1-45A3-B352-D107183811DD}.Release|x86.Build.0 = Release|x86
		{5ECCA070-31F1-45A3-B352-D107183811DD}.Windows|Any CPU.ActiveCfg = Windows|Any CPU
		{5ECCA070-31F1-45A3-B352-D107183811DD}.Windows|Any CPU.Build.0 = Windows|Any CPU
		{5ECCA070-31F1-45A3-B352-D107183811DD}.Windows|x64.ActiveCfg = Windows|x64
		{5ECCA070-31F1-45A3-B352-D107183811DD}.Windows|x64.Build.0 = Windows|x64
		{5ECCA070-31F1-45A3-B352-D107183811DD}.Windows|x86.ActiveCfg = Windows|x86
		{5ECCA070-31F1-45A3-B352-D107183811DD}.Windows|x86.Build.0 = Windows|x86
		{A1BAFD2C-9DF1-4A1A-A6CA-0DF2C2E60DFC}.Debug|Any CPU.ActiveCfg = Debug|Any CPU
		{A1BAFD2C-9DF1-4A1A-A6CA-0DF2C2E60DFC}.Debug|Any CPU.Build.0 = Debug|Any CPU
		{A1BAFD2C-9DF1-4A1A-A6CA-0DF2C2E60DFC}.Debug|x64.ActiveCfg = Debug|Any CPU
		{A1BAFD2C-9DF1-4A1A-A6CA-0DF2C2E60DFC}.Debug|x86.ActiveCfg = Debug|Any CPU
		{A1BAFD2C-9DF1-4A1A-A6CA-0DF2C2E60DFC}.Linux|Any CPU.ActiveCfg = Linux|Any CPU
		{A1BAFD2C-9DF1-4A1A-A6CA-0DF2C2E60DFC}.Linux|Any CPU.Build.0 = Linux|Any CPU
		{A1BAFD2C-9DF1-4A1A-A6CA-0DF2C2E60DFC}.Linux|x64.ActiveCfg = Linux|Any CPU
		{A1BAFD2C-9DF1-4A1A-A6CA-0DF2C2E60DFC}.Linux|x86.ActiveCfg = Linux|Any CPU
		{A1BAFD2C-9DF1-4A1A-A6CA-0DF2C2E60DFC}.Release|Any CPU.ActiveCfg = Release|Any CPU
		{A1BAFD2C-9DF1-4A1A-A6CA-0DF2C2E60DFC}.Release|Any CPU.Build.0 = Release|Any CPU
		{A1BAFD2C-9DF1-4A1A-A6CA-0DF2C2E60DFC}.Release|x64.ActiveCfg = Release|Any CPU
		{A1BAFD2C-9DF1-4A1A-A6CA-0DF2C2E60DFC}.Release|x64.Build.0 = Release|Any CPU
		{A1BAFD2C-9DF1-4A1A-A6CA-0DF2C2E60DFC}.Release|x86.ActiveCfg = Release|Any CPU
		{A1BAFD2C-9DF1-4A1A-A6CA-0DF2C2E60DFC}.Release|x86.Build.0 = Release|Any CPU
		{A1BAFD2C-9DF1-4A1A-A6CA-0DF2C2E60DFC}.Windows|Any CPU.ActiveCfg = Windows|Any CPU
		{A1BAFD2C-9DF1-4A1A-A6CA-0DF2C2E60DFC}.Windows|Any CPU.Build.0 = Windows|Any CPU
		{A1BAFD2C-9DF1-4A1A-A6CA-0DF2C2E60DFC}.Windows|x64.ActiveCfg = Windows|Any CPU
		{A1BAFD2C-9DF1-4A1A-A6CA-0DF2C2E60DFC}.Windows|x86.ActiveCfg = Windows|Any CPU
		{C61C3778-A4D2-4C61-891C-353248EEB25B}.Debug|Any CPU.ActiveCfg = Debug|Any CPU
		{C61C3778-A4D2-4C61-891C-353248EEB25B}.Debug|Any CPU.Build.0 = Debug|Any CPU
		{C61C3778-A4D2-4C61-891C-353248EEB25B}.Debug|x64.ActiveCfg = Debug|Any CPU
		{C61C3778-A4D2-4C61-891C-353248EEB25B}.Debug|x86.ActiveCfg = Debug|Any CPU
		{C61C3778-A4D2-4C61-891C-353248EEB25B}.Linux|Any CPU.ActiveCfg = Linux|Any CPU
		{C61C3778-A4D2-4C61-891C-353248EEB25B}.Linux|Any CPU.Build.0 = Linux|Any CPU
		{C61C3778-A4D2-4C61-891C-353248EEB25B}.Linux|x64.ActiveCfg = Linux|Any CPU
		{C61C3778-A4D2-4C61-891C-353248EEB25B}.Linux|x86.ActiveCfg = Linux|Any CPU
		{C61C3778-A4D2-4C61-891C-353248EEB25B}.Release|Any CPU.ActiveCfg = Release|Any CPU
		{C61C3778-A4D2-4C61-891C-353248EEB25B}.Release|Any CPU.Build.0 = Release|Any CPU
		{C61C3778-A4D2-4C61-891C-353248EEB25B}.Release|x64.ActiveCfg = Release|Any CPU
		{C61C3778-A4D2-4C61-891C-353248EEB25B}.Release|x64.Build.0 = Release|Any CPU
		{C61C3778-A4D2-4C61-891C-353248EEB25B}.Release|x86.ActiveCfg = Release|Any CPU
		{C61C3778-A4D2-4C61-891C-353248EEB25B}.Release|x86.Build.0 = Release|Any CPU
		{C61C3778-A4D2-4C61-891C-353248EEB25B}.Windows|Any CPU.ActiveCfg = Windows|Any CPU
		{C61C3778-A4D2-4C61-891C-353248EEB25B}.Windows|Any CPU.Build.0 = Windows|Any CPU
		{C61C3778-A4D2-4C61-891C-353248EEB25B}.Windows|x64.ActiveCfg = Windows|Any CPU
		{C61C3778-A4D2-4C61-891C-353248EEB25B}.Windows|x86.ActiveCfg = Windows|Any CPU
		{E51F0F88-A6DA-4A7E-B647-C5621B60F79D}.Debug|Any CPU.ActiveCfg = Debug|Any CPU
		{E51F0F88-A6DA-4A7E-B647-C5621B60F79D}.Debug|Any CPU.Build.0 = Debug|Any CPU
		{E51F0F88-A6DA-4A7E-B647-C5621B60F79D}.Debug|x64.ActiveCfg = Debug|Any CPU
		{E51F0F88-A6DA-4A7E-B647-C5621B60F79D}.Debug|x86.ActiveCfg = Debug|Any CPU
		{E51F0F88-A6DA-4A7E-B647-C5621B60F79D}.Linux|Any CPU.ActiveCfg = Linux|Any CPU
		{E51F0F88-A6DA-4A7E-B647-C5621B60F79D}.Linux|Any CPU.Build.0 = Linux|Any CPU
		{E51F0F88-A6DA-4A7E-B647-C5621B60F79D}.Linux|x64.ActiveCfg = Linux|Any CPU
		{E51F0F88-A6DA-4A7E-B647-C5621B60F79D}.Linux|x86.ActiveCfg = Linux|Any CPU
		{E51F0F88-A6DA-4A7E-B647-C5621B60F79D}.Release|Any CPU.ActiveCfg = Release|Any CPU
		{E51F0F88-A6DA-4A7E-B647-C5621B60F79D}.Release|Any CPU.Build.0 = Release|Any CPU
		{E51F0F88-A6DA-4A7E-B647-C5621B60F79D}.Release|x64.ActiveCfg = Release|Any CPU
		{E51F0F88-A6DA-4A7E-B647-C5621B60F79D}.Release|x64.Build.0 = Release|Any CPU
		{E51F0F88-A6DA-4A7E-B647-C5621B60F79D}.Release|x86.ActiveCfg = Release|Any CPU
		{E51F0F88-A6DA-4A7E-B647-C5621B60F79D}.Release|x86.Build.0 = Release|Any CPU
		{E51F0F88-A6DA-4A7E-B647-C5621B60F79D}.Windows|Any CPU.ActiveCfg = Windows|Any CPU
		{E51F0F88-A6DA-4A7E-B647-C5621B60F79D}.Windows|Any CPU.Build.0 = Windows|Any CPU
		{E51F0F88-A6DA-4A7E-B647-C5621B60F79D}.Windows|x64.ActiveCfg = Windows|Any CPU
		{E51F0F88-A6DA-4A7E-B647-C5621B60F79D}.Windows|x86.ActiveCfg = Windows|Any CPU
		{D94C96BB-D3B6-492F-B594-42920088BD87}.Debug|Any CPU.ActiveCfg = Debug|Any CPU
		{D94C96BB-D3B6-492F-B594-42920088BD87}.Debug|Any CPU.Build.0 = Debug|Any CPU
		{D94C96BB-D3B6-492F-B594-42920088BD87}.Debug|x64.ActiveCfg = Debug|Any CPU
		{D94C96BB-D3B6-492F-B594-42920088BD87}.Debug|x86.ActiveCfg = Debug|Any CPU
		{D94C96BB-D3B6-492F-B594-42920088BD87}.Linux|Any CPU.ActiveCfg = Release|Any CPU
		{D94C96BB-D3B6-492F-B594-42920088BD87}.Linux|Any CPU.Build.0 = Release|Any CPU
		{D94C96BB-D3B6-492F-B594-42920088BD87}.Linux|x64.ActiveCfg = Release|Any CPU
		{D94C96BB-D3B6-492F-B594-42920088BD87}.Linux|x86.ActiveCfg = Release|Any CPU
		{D94C96BB-D3B6-492F-B594-42920088BD87}.Release|Any CPU.ActiveCfg = Release|Any CPU
		{D94C96BB-D3B6-492F-B594-42920088BD87}.Release|Any CPU.Build.0 = Release|Any CPU
		{D94C96BB-D3B6-492F-B594-42920088BD87}.Release|x64.ActiveCfg = Release|Any CPU
		{D94C96BB-D3B6-492F-B594-42920088BD87}.Release|x86.ActiveCfg = Release|Any CPU
		{D94C96BB-D3B6-492F-B594-42920088BD87}.Windows|Any CPU.ActiveCfg = Release|Any CPU
		{D94C96BB-D3B6-492F-B594-42920088BD87}.Windows|Any CPU.Build.0 = Release|Any CPU
		{D94C96BB-D3B6-492F-B594-42920088BD87}.Windows|x64.ActiveCfg = Release|Any CPU
		{D94C96BB-D3B6-492F-B594-42920088BD87}.Windows|x86.ActiveCfg = Release|Any CPU
		{67E1FFF8-EDEC-4D4E-8B49-E3B107D326B6}.Debug|Any CPU.ActiveCfg = Debug|Any CPU
		{67E1FFF8-EDEC-4D4E-8B49-E3B107D326B6}.Debug|Any CPU.Build.0 = Debug|Any CPU
		{67E1FFF8-EDEC-4D4E-8B49-E3B107D326B6}.Debug|x64.ActiveCfg = Debug|Any CPU
		{67E1FFF8-EDEC-4D4E-8B49-E3B107D326B6}.Debug|x86.ActiveCfg = Debug|Any CPU
		{67E1FFF8-EDEC-4D4E-8B49-E3B107D326B6}.Linux|Any CPU.ActiveCfg = Release|Any CPU
		{67E1FFF8-EDEC-4D4E-8B49-E3B107D326B6}.Linux|Any CPU.Build.0 = Release|Any CPU
		{67E1FFF8-EDEC-4D4E-8B49-E3B107D326B6}.Linux|x64.ActiveCfg = Release|Any CPU
		{67E1FFF8-EDEC-4D4E-8B49-E3B107D326B6}.Linux|x86.ActiveCfg = Release|Any CPU
		{67E1FFF8-EDEC-4D4E-8B49-E3B107D326B6}.Release|Any CPU.ActiveCfg = Release|Any CPU
		{67E1FFF8-EDEC-4D4E-8B49-E3B107D326B6}.Release|Any CPU.Build.0 = Release|Any CPU
		{67E1FFF8-EDEC-4D4E-8B49-E3B107D326B6}.Release|x64.ActiveCfg = Release|Any CPU
		{67E1FFF8-EDEC-4D4E-8B49-E3B107D326B6}.Release|x86.ActiveCfg = Release|Any CPU
		{67E1FFF8-EDEC-4D4E-8B49-E3B107D326B6}.Windows|Any CPU.ActiveCfg = Release|Any CPU
		{67E1FFF8-EDEC-4D4E-8B49-E3B107D326B6}.Windows|Any CPU.Build.0 = Release|Any CPU
		{67E1FFF8-EDEC-4D4E-8B49-E3B107D326B6}.Windows|x64.ActiveCfg = Release|Any CPU
		{67E1FFF8-EDEC-4D4E-8B49-E3B107D326B6}.Windows|x86.ActiveCfg = Release|Any CPU
		{50D733E2-11E0-4002-A7CD-E5B556A80032}.Debug|Any CPU.ActiveCfg = Debug|Any CPU
		{50D733E2-11E0-4002-A7CD-E5B556A80032}.Debug|Any CPU.Build.0 = Debug|Any CPU
		{50D733E2-11E0-4002-A7CD-E5B556A80032}.Debug|x64.ActiveCfg = Debug|Any CPU
		{50D733E2-11E0-4002-A7CD-E5B556A80032}.Debug|x86.ActiveCfg = Debug|Any CPU
		{50D733E2-11E0-4002-A7CD-E5B556A80032}.Linux|Any CPU.ActiveCfg = Release|Any CPU
		{50D733E2-11E0-4002-A7CD-E5B556A80032}.Linux|Any CPU.Build.0 = Release|Any CPU
		{50D733E2-11E0-4002-A7CD-E5B556A80032}.Linux|x64.ActiveCfg = Release|Any CPU
		{50D733E2-11E0-4002-A7CD-E5B556A80032}.Linux|x86.ActiveCfg = Release|Any CPU
		{50D733E2-11E0-4002-A7CD-E5B556A80032}.Release|Any CPU.ActiveCfg = Release|Any CPU
		{50D733E2-11E0-4002-A7CD-E5B556A80032}.Release|Any CPU.Build.0 = Release|Any CPU
		{50D733E2-11E0-4002-A7CD-E5B556A80032}.Release|x64.ActiveCfg = Release|Any CPU
		{50D733E2-11E0-4002-A7CD-E5B556A80032}.Release|x86.ActiveCfg = Release|Any CPU
		{50D733E2-11E0-4002-A7CD-E5B556A80032}.Windows|Any CPU.ActiveCfg = Release|Any CPU
		{50D733E2-11E0-4002-A7CD-E5B556A80032}.Windows|Any CPU.Build.0 = Release|Any CPU
		{50D733E2-11E0-4002-A7CD-E5B556A80032}.Windows|x64.ActiveCfg = Release|Any CPU
		{50D733E2-11E0-4002-A7CD-E5B556A80032}.Windows|x86.ActiveCfg = Release|Any CPU
		{C5343CA6-E481-49E4-98E3-174D26BE625E}.Debug|Any CPU.ActiveCfg = Debug|Any CPU
		{C5343CA6-E481-49E4-98E3-174D26BE625E}.Debug|Any CPU.Build.0 = Debug|Any CPU
		{C5343CA6-E481-49E4-98E3-174D26BE625E}.Debug|x64.ActiveCfg = Debug|Any CPU
		{C5343CA6-E481-49E4-98E3-174D26BE625E}.Debug|x86.ActiveCfg = Debug|Any CPU
		{C5343CA6-E481-49E4-98E3-174D26BE625E}.Linux|Any CPU.ActiveCfg = Release|Any CPU
		{C5343CA6-E481-49E4-98E3-174D26BE625E}.Linux|Any CPU.Build.0 = Release|Any CPU
		{C5343CA6-E481-49E4-98E3-174D26BE625E}.Linux|x64.ActiveCfg = Release|Any CPU
		{C5343CA6-E481-49E4-98E3-174D26BE625E}.Linux|x86.ActiveCfg = Release|Any CPU
		{C5343CA6-E481-49E4-98E3-174D26BE625E}.Release|Any CPU.ActiveCfg = Release|Any CPU
		{C5343CA6-E481-49E4-98E3-174D26BE625E}.Release|Any CPU.Build.0 = Release|Any CPU
		{C5343CA6-E481-49E4-98E3-174D26BE625E}.Release|x64.ActiveCfg = Release|Any CPU
		{C5343CA6-E481-49E4-98E3-174D26BE625E}.Release|x86.ActiveCfg = Release|Any CPU
		{C5343CA6-E481-49E4-98E3-174D26BE625E}.Windows|Any CPU.ActiveCfg = Release|Any CPU
		{C5343CA6-E481-49E4-98E3-174D26BE625E}.Windows|Any CPU.Build.0 = Release|Any CPU
		{C5343CA6-E481-49E4-98E3-174D26BE625E}.Windows|x64.ActiveCfg = Release|Any CPU
		{C5343CA6-E481-49E4-98E3-174D26BE625E}.Windows|x86.ActiveCfg = Release|Any CPU
		{12FE449B-C0B1-4350-953C-D55320E59E54}.Debug|Any CPU.ActiveCfg = Debug|Any CPU
		{12FE449B-C0B1-4350-953C-D55320E59E54}.Debug|Any CPU.Build.0 = Debug|Any CPU
		{12FE449B-C0B1-4350-953C-D55320E59E54}.Debug|x64.ActiveCfg = Debug|Any CPU
		{12FE449B-C0B1-4350-953C-D55320E59E54}.Debug|x86.ActiveCfg = Debug|Any CPU
		{12FE449B-C0B1-4350-953C-D55320E59E54}.Linux|Any CPU.ActiveCfg = Release|Any CPU
		{12FE449B-C0B1-4350-953C-D55320E59E54}.Linux|Any CPU.Build.0 = Release|Any CPU
		{12FE449B-C0B1-4350-953C-D55320E59E54}.Linux|x64.ActiveCfg = Release|Any CPU
		{12FE449B-C0B1-4350-953C-D55320E59E54}.Linux|x86.ActiveCfg = Release|Any CPU
		{12FE449B-C0B1-4350-953C-D55320E59E54}.Release|Any CPU.ActiveCfg = Release|Any CPU
		{12FE449B-C0B1-4350-953C-D55320E59E54}.Release|Any CPU.Build.0 = Release|Any CPU
		{12FE449B-C0B1-4350-953C-D55320E59E54}.Release|x64.ActiveCfg = Release|Any CPU
		{12FE449B-C0B1-4350-953C-D55320E59E54}.Release|x86.ActiveCfg = Release|Any CPU
		{12FE449B-C0B1-4350-953C-D55320E59E54}.Windows|Any CPU.ActiveCfg = Release|Any CPU
		{12FE449B-C0B1-4350-953C-D55320E59E54}.Windows|Any CPU.Build.0 = Release|Any CPU
		{12FE449B-C0B1-4350-953C-D55320E59E54}.Windows|x64.ActiveCfg = Release|Any CPU
		{12FE449B-C0B1-4350-953C-D55320E59E54}.Windows|x86.ActiveCfg = Release|Any CPU
		{3D144CD4-00F4-4D64-924D-1D1580F2809F}.Debug|Any CPU.ActiveCfg = Debug|Any CPU
		{3D144CD4-00F4-4D64-924D-1D1580F2809F}.Debug|Any CPU.Build.0 = Debug|Any CPU
		{3D144CD4-00F4-4D64-924D-1D1580F2809F}.Debug|x64.ActiveCfg = Debug|Any CPU
		{3D144CD4-00F4-4D64-924D-1D1580F2809F}.Debug|x64.Build.0 = Debug|Any CPU
		{3D144CD4-00F4-4D64-924D-1D1580F2809F}.Debug|x86.ActiveCfg = Debug|Any CPU
		{3D144CD4-00F4-4D64-924D-1D1580F2809F}.Debug|x86.Build.0 = Debug|Any CPU
		{3D144CD4-00F4-4D64-924D-1D1580F2809F}.Linux|Any CPU.ActiveCfg = Release|Any CPU
		{3D144CD4-00F4-4D64-924D-1D1580F2809F}.Linux|Any CPU.Build.0 = Release|Any CPU
		{3D144CD4-00F4-4D64-924D-1D1580F2809F}.Linux|x64.ActiveCfg = Release|Any CPU
		{3D144CD4-00F4-4D64-924D-1D1580F2809F}.Linux|x64.Build.0 = Release|Any CPU
		{3D144CD4-00F4-4D64-924D-1D1580F2809F}.Linux|x86.ActiveCfg = Release|Any CPU
		{3D144CD4-00F4-4D64-924D-1D1580F2809F}.Linux|x86.Build.0 = Release|Any CPU
		{3D144CD4-00F4-4D64-924D-1D1580F2809F}.Release|Any CPU.ActiveCfg = Release|Any CPU
		{3D144CD4-00F4-4D64-924D-1D1580F2809F}.Release|Any CPU.Build.0 = Release|Any CPU
		{3D144CD4-00F4-4D64-924D-1D1580F2809F}.Release|x64.ActiveCfg = Release|Any CPU
		{3D144CD4-00F4-4D64-924D-1D1580F2809F}.Release|x64.Build.0 = Release|Any CPU
		{3D144CD4-00F4-4D64-924D-1D1580F2809F}.Release|x86.ActiveCfg = Release|Any CPU
		{3D144CD4-00F4-4D64-924D-1D1580F2809F}.Release|x86.Build.0 = Release|Any CPU
		{3D144CD4-00F4-4D64-924D-1D1580F2809F}.Windows|Any CPU.ActiveCfg = Release|Any CPU
		{3D144CD4-00F4-4D64-924D-1D1580F2809F}.Windows|Any CPU.Build.0 = Release|Any CPU
		{3D144CD4-00F4-4D64-924D-1D1580F2809F}.Windows|x64.ActiveCfg = Release|Any CPU
		{3D144CD4-00F4-4D64-924D-1D1580F2809F}.Windows|x64.Build.0 = Release|Any CPU
		{3D144CD4-00F4-4D64-924D-1D1580F2809F}.Windows|x86.ActiveCfg = Release|Any CPU
		{3D144CD4-00F4-4D64-924D-1D1580F2809F}.Windows|x86.Build.0 = Release|Any CPU
		{7692071F-A306-4CB8-9399-89660930C3B0}.Debug|Any CPU.ActiveCfg = Debug|Any CPU
		{7692071F-A306-4CB8-9399-89660930C3B0}.Debug|Any CPU.Build.0 = Debug|Any CPU
		{7692071F-A306-4CB8-9399-89660930C3B0}.Debug|x64.ActiveCfg = Debug|Any CPU
		{7692071F-A306-4CB8-9399-89660930C3B0}.Debug|x64.Build.0 = Debug|Any CPU
		{7692071F-A306-4CB8-9399-89660930C3B0}.Debug|x86.ActiveCfg = Debug|Any CPU
		{7692071F-A306-4CB8-9399-89660930C3B0}.Debug|x86.Build.0 = Debug|Any CPU
		{7692071F-A306-4CB8-9399-89660930C3B0}.Linux|Any CPU.ActiveCfg = Release|Any CPU
		{7692071F-A306-4CB8-9399-89660930C3B0}.Linux|Any CPU.Build.0 = Release|Any CPU
		{7692071F-A306-4CB8-9399-89660930C3B0}.Linux|x64.ActiveCfg = Release|Any CPU
		{7692071F-A306-4CB8-9399-89660930C3B0}.Linux|x64.Build.0 = Release|Any CPU
		{7692071F-A306-4CB8-9399-89660930C3B0}.Linux|x86.ActiveCfg = Release|Any CPU
		{7692071F-A306-4CB8-9399-89660930C3B0}.Linux|x86.Build.0 = Release|Any CPU
		{7692071F-A306-4CB8-9399-89660930C3B0}.Release|Any CPU.ActiveCfg = Release|Any CPU
		{7692071F-A306-4CB8-9399-89660930C3B0}.Release|Any CPU.Build.0 = Release|Any CPU
		{7692071F-A306-4CB8-9399-89660930C3B0}.Release|x64.ActiveCfg = Release|Any CPU
		{7692071F-A306-4CB8-9399-89660930C3B0}.Release|x64.Build.0 = Release|Any CPU
		{7692071F-A306-4CB8-9399-89660930C3B0}.Release|x86.ActiveCfg = Release|Any CPU
		{7692071F-A306-4CB8-9399-89660930C3B0}.Release|x86.Build.0 = Release|Any CPU
		{7692071F-A306-4CB8-9399-89660930C3B0}.Windows|Any CPU.ActiveCfg = Release|Any CPU
		{7692071F-A306-4CB8-9399-89660930C3B0}.Windows|Any CPU.Build.0 = Release|Any CPU
		{7692071F-A306-4CB8-9399-89660930C3B0}.Windows|x64.ActiveCfg = Release|Any CPU
		{7692071F-A306-4CB8-9399-89660930C3B0}.Windows|x64.Build.0 = Release|Any CPU
		{7692071F-A306-4CB8-9399-89660930C3B0}.Windows|x86.ActiveCfg = Release|Any CPU
		{7692071F-A306-4CB8-9399-89660930C3B0}.Windows|x86.Build.0 = Release|Any CPU
		{673FBF8A-C1AF-4E8C-94B2-44A4CAAC640A}.Debug|Any CPU.ActiveCfg = Debug|Any CPU
		{673FBF8A-C1AF-4E8C-94B2-44A4CAAC640A}.Debug|Any CPU.Build.0 = Debug|Any CPU
		{673FBF8A-C1AF-4E8C-94B2-44A4CAAC640A}.Debug|x64.ActiveCfg = Debug|Any CPU
		{673FBF8A-C1AF-4E8C-94B2-44A4CAAC640A}.Debug|x64.Build.0 = Debug|Any CPU
		{673FBF8A-C1AF-4E8C-94B2-44A4CAAC640A}.Debug|x86.ActiveCfg = Debug|Any CPU
		{673FBF8A-C1AF-4E8C-94B2-44A4CAAC640A}.Debug|x86.Build.0 = Debug|Any CPU
		{673FBF8A-C1AF-4E8C-94B2-44A4CAAC640A}.Linux|Any CPU.ActiveCfg = Release|Any CPU
		{673FBF8A-C1AF-4E8C-94B2-44A4CAAC640A}.Linux|Any CPU.Build.0 = Release|Any CPU
		{673FBF8A-C1AF-4E8C-94B2-44A4CAAC640A}.Linux|x64.ActiveCfg = Release|Any CPU
		{673FBF8A-C1AF-4E8C-94B2-44A4CAAC640A}.Linux|x64.Build.0 = Release|Any CPU
		{673FBF8A-C1AF-4E8C-94B2-44A4CAAC640A}.Linux|x86.ActiveCfg = Release|Any CPU
		{673FBF8A-C1AF-4E8C-94B2-44A4CAAC640A}.Linux|x86.Build.0 = Release|Any CPU
		{673FBF8A-C1AF-4E8C-94B2-44A4CAAC640A}.Release|Any CPU.ActiveCfg = Release|Any CPU
		{673FBF8A-C1AF-4E8C-94B2-44A4CAAC640A}.Release|Any CPU.Build.0 = Release|Any CPU
		{673FBF8A-C1AF-4E8C-94B2-44A4CAAC640A}.Release|x64.ActiveCfg = Release|Any CPU
		{673FBF8A-C1AF-4E8C-94B2-44A4CAAC640A}.Release|x64.Build.0 = Release|Any CPU
		{673FBF8A-C1AF-4E8C-94B2-44A4CAAC640A}.Release|x86.ActiveCfg = Release|Any CPU
		{673FBF8A-C1AF-4E8C-94B2-44A4CAAC640A}.Release|x86.Build.0 = Release|Any CPU
		{673FBF8A-C1AF-4E8C-94B2-44A4CAAC640A}.Windows|Any CPU.ActiveCfg = Release|Any CPU
		{673FBF8A-C1AF-4E8C-94B2-44A4CAAC640A}.Windows|Any CPU.Build.0 = Release|Any CPU
		{673FBF8A-C1AF-4E8C-94B2-44A4CAAC640A}.Windows|x64.ActiveCfg = Release|Any CPU
		{673FBF8A-C1AF-4E8C-94B2-44A4CAAC640A}.Windows|x64.Build.0 = Release|Any CPU
		{673FBF8A-C1AF-4E8C-94B2-44A4CAAC640A}.Windows|x86.ActiveCfg = Release|Any CPU
		{673FBF8A-C1AF-4E8C-94B2-44A4CAAC640A}.Windows|x86.Build.0 = Release|Any CPU
		{078FE752-82A7-4CA1-921F-21A445C9BB7B}.Debug|Any CPU.ActiveCfg = Debug|Any CPU
		{078FE752-82A7-4CA1-921F-21A445C9BB7B}.Debug|Any CPU.Build.0 = Debug|Any CPU
		{078FE752-82A7-4CA1-921F-21A445C9BB7B}.Debug|x64.ActiveCfg = Debug|Any CPU
		{078FE752-82A7-4CA1-921F-21A445C9BB7B}.Debug|x64.Build.0 = Debug|Any CPU
		{078FE752-82A7-4CA1-921F-21A445C9BB7B}.Debug|x86.ActiveCfg = Debug|Any CPU
		{078FE752-82A7-4CA1-921F-21A445C9BB7B}.Debug|x86.Build.0 = Debug|Any CPU
		{078FE752-82A7-4CA1-921F-21A445C9BB7B}.Linux|Any CPU.ActiveCfg = Release|Any CPU
		{078FE752-82A7-4CA1-921F-21A445C9BB7B}.Linux|Any CPU.Build.0 = Release|Any CPU
		{078FE752-82A7-4CA1-921F-21A445C9BB7B}.Linux|x64.ActiveCfg = Release|Any CPU
		{078FE752-82A7-4CA1-921F-21A445C9BB7B}.Linux|x64.Build.0 = Release|Any CPU
		{078FE752-82A7-4CA1-921F-21A445C9BB7B}.Linux|x86.ActiveCfg = Release|Any CPU
		{078FE752-82A7-4CA1-921F-21A445C9BB7B}.Linux|x86.Build.0 = Release|Any CPU
		{078FE752-82A7-4CA1-921F-21A445C9BB7B}.Release|Any CPU.ActiveCfg = Release|Any CPU
		{078FE752-82A7-4CA1-921F-21A445C9BB7B}.Release|Any CPU.Build.0 = Release|Any CPU
		{078FE752-82A7-4CA1-921F-21A445C9BB7B}.Release|x64.ActiveCfg = Release|Any CPU
		{078FE752-82A7-4CA1-921F-21A445C9BB7B}.Release|x64.Build.0 = Release|Any CPU
		{078FE752-82A7-4CA1-921F-21A445C9BB7B}.Release|x86.ActiveCfg = Release|Any CPU
		{078FE752-82A7-4CA1-921F-21A445C9BB7B}.Release|x86.Build.0 = Release|Any CPU
		{078FE752-82A7-4CA1-921F-21A445C9BB7B}.Windows|Any CPU.ActiveCfg = Release|Any CPU
		{078FE752-82A7-4CA1-921F-21A445C9BB7B}.Windows|Any CPU.Build.0 = Release|Any CPU
		{078FE752-82A7-4CA1-921F-21A445C9BB7B}.Windows|x64.ActiveCfg = Release|Any CPU
		{078FE752-82A7-4CA1-921F-21A445C9BB7B}.Windows|x64.Build.0 = Release|Any CPU
		{078FE752-82A7-4CA1-921F-21A445C9BB7B}.Windows|x86.ActiveCfg = Release|Any CPU
		{078FE752-82A7-4CA1-921F-21A445C9BB7B}.Windows|x86.Build.0 = Release|Any CPU
	EndGlobalSection
	GlobalSection(SolutionProperties) = preSolution
		HideSolutionNode = FALSE
	EndGlobalSection
	GlobalSection(NestedProjects) = preSolution
		{30ED7E20-5C5B-4643-B3A6-7D10BE172241} = {5766F4D2-5DB4-4E47-942E-CA9DD2AE6C9F}
		{9DD8A9DA-16BA-4447-AF4A-414148702B04} = {EEF1FD88-83E6-4B16-BFBB-EA709A020483}
		{6B7E480C-D8B3-4CFD-9C59-687F9AEF31E0} = {79A76717-2C94-4231-BCCD-BA63627EDA7B}
		{64ADCA6B-050F-48B1-8039-2D16BC494AF0} = {181FD6CB-70C5-475A-9215-A864EA1B057B}
		{53D73B63-32BC-4ECC-ACD4-7ED909F08C70} = {181FD6CB-70C5-475A-9215-A864EA1B057B}
		{521CB3C7-F19C-4B92-8A39-4537BEC094B5} = {EEF1FD88-83E6-4B16-BFBB-EA709A020483}
		{DDB18A5F-FF1D-4245-84DF-F28CC97B7DCC} = {181FD6CB-70C5-475A-9215-A864EA1B057B}
		{A4EB0077-FFB4-433F-8514-674A5E0DA1CF} = {181FD6CB-70C5-475A-9215-A864EA1B057B}
		{6AA3BF06-BAE1-43DF-AACE-BB2E25D1A103} = {209AB01B-A9E4-4238-AF94-AEA198CEE45A}
		{CD5BA3EA-1DB7-4D2E-9CFE-4E29C2DC5EBD} = {79A76717-2C94-4231-BCCD-BA63627EDA7B}
		{3B1B5239-C1C7-4553-9E71-D0DE9B3C21F9} = {79A76717-2C94-4231-BCCD-BA63627EDA7B}
		{79B35CF5-1E81-4F34-8A12-D82185C59D32} = {181FD6CB-70C5-475A-9215-A864EA1B057B}
		{43F97539-F59B-44CB-948F-B1AD41FC8E5E} = {79A76717-2C94-4231-BCCD-BA63627EDA7B}
		{2FE2D4CA-5F3A-4B06-A95F-5F561B1AEFE4} = {EEF1FD88-83E6-4B16-BFBB-EA709A020483}
		{F24F8138-6200-4FB4-97BC-3D70D0381C27} = {181FD6CB-70C5-475A-9215-A864EA1B057B}
		{900A9447-BD0F-4D92-A92D-554FA8E7A00C} = {5766F4D2-5DB4-4E47-942E-CA9DD2AE6C9F}
		{5ECCA070-31F1-45A3-B352-D107183811DD} = {3DCBDBD6-9A9D-45C2-93CE-5AECD21F225E}
		{A1BAFD2C-9DF1-4A1A-A6CA-0DF2C2E60DFC} = {3DCBDBD6-9A9D-45C2-93CE-5AECD21F225E}
		{C61C3778-A4D2-4C61-891C-353248EEB25B} = {5766F4D2-5DB4-4E47-942E-CA9DD2AE6C9F}
		{E51F0F88-A6DA-4A7E-B647-C5621B60F79D} = {209AB01B-A9E4-4238-AF94-AEA198CEE45A}
		{D94C96BB-D3B6-492F-B594-42920088BD87} = {EEF1FD88-83E6-4B16-BFBB-EA709A020483}
		{67E1FFF8-EDEC-4D4E-8B49-E3B107D326B6} = {3DCBDBD6-9A9D-45C2-93CE-5AECD21F225E}
		{50D733E2-11E0-4002-A7CD-E5B556A80032} = {036CBD72-078D-4E64-A8DD-FC66BFAC028B}
		{C5343CA6-E481-49E4-98E3-174D26BE625E} = {181FD6CB-70C5-475A-9215-A864EA1B057B}
		{12FE449B-C0B1-4350-953C-D55320E59E54} = {79A76717-2C94-4231-BCCD-BA63627EDA7B}
		{3D144CD4-00F4-4D64-924D-1D1580F2809F} = {036CBD72-078D-4E64-A8DD-FC66BFAC028B}
		{7692071F-A306-4CB8-9399-89660930C3B0} = {036CBD72-078D-4E64-A8DD-FC66BFAC028B}
		{673FBF8A-C1AF-4E8C-94B2-44A4CAAC640A} = {181FD6CB-70C5-475A-9215-A864EA1B057B}
		{078FE752-82A7-4CA1-921F-21A445C9BB7B} = {036CBD72-078D-4E64-A8DD-FC66BFAC028B}
	EndGlobalSection
EndGlobal
