
Microsoft Visual Studio Solution File, Format Version 12.00
# Visual Studio 2013
VisualStudioVersion = 12.0.40629.0
MinimumVisualStudioVersion = 10.0.40219.1
Project("{FAE04EC0-301F-11D3-BF4B-00C04F79EFBC}") = "NZBDash.UI", "NZBDash.UI\NZBDash.UI.csproj", "{30ED7E20-5C5B-4643-B3A6-7D10BE172241}"
EndProject
Project("{FAE04EC0-301F-11D3-BF4B-00C04F79EFBC}") = "NZBDash.Common", "NZBDash.Common\NZBDash.Common.csproj", "{9DD8A9DA-16BA-4447-AF4A-414148702B04}"
EndProject
Project("{FAE04EC0-301F-11D3-BF4B-00C04F79EFBC}") = "NZBDash.DataAccess", "NZBDash.DataAccess\NZBDash.DataAccess.csproj", "{315278FF-796B-4A81-A3FF-BC5E707839A8}"
EndProject
Project("{FAE04EC0-301F-11D3-BF4B-00C04F79EFBC}") = "NZBDash.Core", "NZBDash.Core\NZBDash.Core.csproj", "{6B7E480C-D8B3-4CFD-9C59-687F9AEF31E0}"
EndProject
Project("{FAE04EC0-301F-11D3-BF4B-00C04F79EFBC}") = "NZBDash.UI.Test", "NZBDash.UI.Test\NZBDash.UI.Test.csproj", "{64ADCA6B-050F-48B1-8039-2D16BC494AF0}"
EndProject
Project("{2150E333-8FDC-42A3-9474-1A3956D46DE8}") = ".nuget", ".nuget", "{AF2DF6F4-66AC-45E4-86FE-1344D913C2DE}"
	ProjectSection(SolutionItems) = preProject
		.nuget\NuGet.Config = .nuget\NuGet.Config
		.nuget\NuGet.exe = .nuget\NuGet.exe
		.nuget\NuGet.targets = .nuget\NuGet.targets
	EndProjectSection
EndProject
Project("{FAE04EC0-301F-11D3-BF4B-00C04F79EFBC}") = "NZBDash.Core.Test", "NZBDash.Core.Test\NZBDash.Core.Test.csproj", "{53D73B63-32BC-4ECC-ACD4-7ED909F08C70}"
EndProject
Project("{FAE04EC0-301F-11D3-BF4B-00C04F79EFBC}") = "NZBDash.Common.Models", "NZBDash.Common.Models\NZBDash.Common.Models.csproj", "{521CB3C7-F19C-4B92-8A39-4537BEC094B5}"
EndProject
Project("{FAE04EC0-301F-11D3-BF4B-00C04F79EFBC}") = "NZBDash.Common.Models.UnitTests", "NZBDash.Common.Models.UnitTests\NZBDash.Common.Models.UnitTests.csproj", "{DDB18A5F-FF1D-4245-84DF-F28CC97B7DCC}"
EndProject
Project("{FAE04EC0-301F-11D3-BF4B-00C04F79EFBC}") = "NZBDash.Common.Tests", "NZBDash.Common.Tests\NZBDash.Common.Tests.csproj", "{A4EB0077-FFB4-433F-8514-674A5E0DA1CF}"
EndProject
Project("{FAE04EC0-301F-11D3-BF4B-00C04F79EFBC}") = "NZBDash.ThirdParty.Api", "NZBDash.ThirdParty.Api\NZBDash.ThirdParty.Api.csproj", "{6AA3BF06-BAE1-43DF-AACE-BB2E25D1A103}"
EndProject
Project("{FAE04EC0-301F-11D3-BF4B-00C04F79EFBC}") = "NZBDash.DependencyResolver", "NZBDash.DependencyResolver\NZBDash.DependencyResolver.csproj", "{CD5BA3EA-1DB7-4D2E-9CFE-4E29C2DC5EBD}"
EndProject
Project("{FAE04EC0-301F-11D3-BF4B-00C04F79EFBC}") = "NZBDash.DependencyResolver.Modules", "NZBDash.DependencyResolver.Modules\NZBDash.DependencyResolver.Modules.csproj", "{3B1B5239-C1C7-4553-9E71-D0DE9B3C21F9}"
EndProject
Project("{FAE04EC0-301F-11D3-BF4B-00C04F79EFBC}") = "NZBDash.DependencyResolver.Test", "NZBDash.DependencyResolver.Test\NZBDash.DependencyResolver.Test.csproj", "{79B35CF5-1E81-4F34-8A12-D82185C59D32}"
EndProject
Project("{FAE04EC0-301F-11D3-BF4B-00C04F79EFBC}") = "NZBDash.Core.Interfaces", "NZBDash.Core.Interfaces\NZBDash.Core.Interfaces.csproj", "{43F97539-F59B-44CB-948F-B1AD41FC8E5E}"
EndProject
Project("{FAE04EC0-301F-11D3-BF4B-00C04F79EFBC}") = "NZBDash.Common.Interfaces", "NZBDash.Common.Interfaces\NZBDash.Common.Interfaces.csproj", "{2FE2D4CA-5F3A-4B06-A95F-5F561B1AEFE4}"
EndProject
Project("{FAE04EC0-301F-11D3-BF4B-00C04F79EFBC}") = "NZBDash.DataAccess.Interfaces", "NZBDash.DataAccess.Interfaces\NZBDash.DataAccess.Interfaces.csproj", "{C52C966D-B232-4717-9642-6D810E4C7D1B}"
EndProject
Project("{FAE04EC0-301F-11D3-BF4B-00C04F79EFBC}") = "NZBDash.ThirdParty.Api.Test", "NZBDash.ThirdParty.Api.Test\NZBDash.ThirdParty.Api.Test.csproj", "{F24F8138-6200-4FB4-97BC-3D70D0381C27}"
EndProject
Project("{FAE04EC0-301F-11D3-BF4B-00C04F79EFBC}") = "NZBDash.Resources", "NZBDash.Resources\NZBDash.Resources.csproj", "{900A9447-BD0F-4D92-A92D-554FA8E7A00C}"
EndProject
Global
	GlobalSection(SolutionConfigurationPlatforms) = preSolution
		Debug|Any CPU = Debug|Any CPU
		Linux|Any CPU = Linux|Any CPU
		Release|Any CPU = Release|Any CPU
		Windows|Any CPU = Windows|Any CPU
	EndGlobalSection
	GlobalSection(ProjectConfigurationPlatforms) = postSolution
		{30ED7E20-5C5B-4643-B3A6-7D10BE172241}.Debug|Any CPU.ActiveCfg = Debug|Any CPU
		{30ED7E20-5C5B-4643-B3A6-7D10BE172241}.Debug|Any CPU.Build.0 = Debug|Any CPU
		{30ED7E20-5C5B-4643-B3A6-7D10BE172241}.Linux|Any CPU.ActiveCfg = Linux|Any CPU
		{30ED7E20-5C5B-4643-B3A6-7D10BE172241}.Linux|Any CPU.Build.0 = Linux|Any CPU
		{30ED7E20-5C5B-4643-B3A6-7D10BE172241}.Release|Any CPU.ActiveCfg = Release|Any CPU
		{30ED7E20-5C5B-4643-B3A6-7D10BE172241}.Release|Any CPU.Build.0 = Release|Any CPU
		{30ED7E20-5C5B-4643-B3A6-7D10BE172241}.Windows|Any CPU.ActiveCfg = Windows|Any CPU
		{30ED7E20-5C5B-4643-B3A6-7D10BE172241}.Windows|Any CPU.Build.0 = Windows|Any CPU
		{9DD8A9DA-16BA-4447-AF4A-414148702B04}.Debug|Any CPU.ActiveCfg = Debug|Any CPU
		{9DD8A9DA-16BA-4447-AF4A-414148702B04}.Debug|Any CPU.Build.0 = Debug|Any CPU
		{9DD8A9DA-16BA-4447-AF4A-414148702B04}.Linux|Any CPU.ActiveCfg = Linux|Any CPU
		{9DD8A9DA-16BA-4447-AF4A-414148702B04}.Linux|Any CPU.Build.0 = Linux|Any CPU
		{9DD8A9DA-16BA-4447-AF4A-414148702B04}.Release|Any CPU.ActiveCfg = Release|Any CPU
		{9DD8A9DA-16BA-4447-AF4A-414148702B04}.Release|Any CPU.Build.0 = Release|Any CPU
		{9DD8A9DA-16BA-4447-AF4A-414148702B04}.Windows|Any CPU.ActiveCfg = Windows|Any CPU
		{9DD8A9DA-16BA-4447-AF4A-414148702B04}.Windows|Any CPU.Build.0 = Windows|Any CPU
		{315278FF-796B-4A81-A3FF-BC5E707839A8}.Debug|Any CPU.ActiveCfg = Debug|Any CPU
		{315278FF-796B-4A81-A3FF-BC5E707839A8}.Debug|Any CPU.Build.0 = Debug|Any CPU
		{315278FF-796B-4A81-A3FF-BC5E707839A8}.Linux|Any CPU.ActiveCfg = Linux|Any CPU
		{315278FF-796B-4A81-A3FF-BC5E707839A8}.Linux|Any CPU.Build.0 = Linux|Any CPU
		{315278FF-796B-4A81-A3FF-BC5E707839A8}.Release|Any CPU.ActiveCfg = Release|Any CPU
		{315278FF-796B-4A81-A3FF-BC5E707839A8}.Release|Any CPU.Build.0 = Release|Any CPU
		{315278FF-796B-4A81-A3FF-BC5E707839A8}.Windows|Any CPU.ActiveCfg = Windows|Any CPU
		{315278FF-796B-4A81-A3FF-BC5E707839A8}.Windows|Any CPU.Build.0 = Windows|Any CPU
		{6B7E480C-D8B3-4CFD-9C59-687F9AEF31E0}.Debug|Any CPU.ActiveCfg = Debug|Any CPU
		{6B7E480C-D8B3-4CFD-9C59-687F9AEF31E0}.Debug|Any CPU.Build.0 = Debug|Any CPU
		{6B7E480C-D8B3-4CFD-9C59-687F9AEF31E0}.Linux|Any CPU.ActiveCfg = Linux|Any CPU
		{6B7E480C-D8B3-4CFD-9C59-687F9AEF31E0}.Linux|Any CPU.Build.0 = Linux|Any CPU
		{6B7E480C-D8B3-4CFD-9C59-687F9AEF31E0}.Release|Any CPU.ActiveCfg = Release|Any CPU
		{6B7E480C-D8B3-4CFD-9C59-687F9AEF31E0}.Release|Any CPU.Build.0 = Release|Any CPU
		{6B7E480C-D8B3-4CFD-9C59-687F9AEF31E0}.Windows|Any CPU.ActiveCfg = Windows|Any CPU
		{6B7E480C-D8B3-4CFD-9C59-687F9AEF31E0}.Windows|Any CPU.Build.0 = Windows|Any CPU
		{64ADCA6B-050F-48B1-8039-2D16BC494AF0}.Debug|Any CPU.ActiveCfg = Debug|Any CPU
		{64ADCA6B-050F-48B1-8039-2D16BC494AF0}.Debug|Any CPU.Build.0 = Debug|Any CPU
		{64ADCA6B-050F-48B1-8039-2D16BC494AF0}.Linux|Any CPU.ActiveCfg = Linux|Any CPU
		{64ADCA6B-050F-48B1-8039-2D16BC494AF0}.Release|Any CPU.ActiveCfg = Release|Any CPU
		{64ADCA6B-050F-48B1-8039-2D16BC494AF0}.Release|Any CPU.Build.0 = Release|Any CPU
		{64ADCA6B-050F-48B1-8039-2D16BC494AF0}.Windows|Any CPU.ActiveCfg = Windows|Any CPU
		{53D73B63-32BC-4ECC-ACD4-7ED909F08C70}.Debug|Any CPU.ActiveCfg = Debug|Any CPU
		{53D73B63-32BC-4ECC-ACD4-7ED909F08C70}.Debug|Any CPU.Build.0 = Debug|Any CPU
		{53D73B63-32BC-4ECC-ACD4-7ED909F08C70}.Linux|Any CPU.ActiveCfg = Linux|Any CPU
		{53D73B63-32BC-4ECC-ACD4-7ED909F08C70}.Release|Any CPU.ActiveCfg = Release|Any CPU
		{53D73B63-32BC-4ECC-ACD4-7ED909F08C70}.Release|Any CPU.Build.0 = Release|Any CPU
		{53D73B63-32BC-4ECC-ACD4-7ED909F08C70}.Windows|Any CPU.ActiveCfg = Windows|Any CPU
		{521CB3C7-F19C-4B92-8A39-4537BEC094B5}.Debug|Any CPU.ActiveCfg = Debug|Any CPU
		{521CB3C7-F19C-4B92-8A39-4537BEC094B5}.Debug|Any CPU.Build.0 = Debug|Any CPU
		{521CB3C7-F19C-4B92-8A39-4537BEC094B5}.Linux|Any CPU.ActiveCfg = Linux|Any CPU
		{521CB3C7-F19C-4B92-8A39-4537BEC094B5}.Linux|Any CPU.Build.0 = Linux|Any CPU
		{521CB3C7-F19C-4B92-8A39-4537BEC094B5}.Release|Any CPU.ActiveCfg = Release|Any CPU
		{521CB3C7-F19C-4B92-8A39-4537BEC094B5}.Release|Any CPU.Build.0 = Release|Any CPU
		{521CB3C7-F19C-4B92-8A39-4537BEC094B5}.Windows|Any CPU.ActiveCfg = Windows|Any CPU
		{521CB3C7-F19C-4B92-8A39-4537BEC094B5}.Windows|Any CPU.Build.0 = Windows|Any CPU
		{DDB18A5F-FF1D-4245-84DF-F28CC97B7DCC}.Debug|Any CPU.ActiveCfg = Debug|Any CPU
		{DDB18A5F-FF1D-4245-84DF-F28CC97B7DCC}.Debug|Any CPU.Build.0 = Debug|Any CPU
		{DDB18A5F-FF1D-4245-84DF-F28CC97B7DCC}.Linux|Any CPU.ActiveCfg = Linux|Any CPU
		{DDB18A5F-FF1D-4245-84DF-F28CC97B7DCC}.Release|Any CPU.ActiveCfg = Release|Any CPU
		{DDB18A5F-FF1D-4245-84DF-F28CC97B7DCC}.Release|Any CPU.Build.0 = Release|Any CPU
		{DDB18A5F-FF1D-4245-84DF-F28CC97B7DCC}.Windows|Any CPU.ActiveCfg = Windows|Any CPU
		{A4EB0077-FFB4-433F-8514-674A5E0DA1CF}.Debug|Any CPU.ActiveCfg = Debug|Any CPU
		{A4EB0077-FFB4-433F-8514-674A5E0DA1CF}.Debug|Any CPU.Build.0 = Debug|Any CPU
		{A4EB0077-FFB4-433F-8514-674A5E0DA1CF}.Linux|Any CPU.ActiveCfg = Linux|Any CPU
		{A4EB0077-FFB4-433F-8514-674A5E0DA1CF}.Release|Any CPU.ActiveCfg = Release|Any CPU
		{A4EB0077-FFB4-433F-8514-674A5E0DA1CF}.Release|Any CPU.Build.0 = Release|Any CPU
		{A4EB0077-FFB4-433F-8514-674A5E0DA1CF}.Windows|Any CPU.ActiveCfg = Windows|Any CPU
		{6AA3BF06-BAE1-43DF-AACE-BB2E25D1A103}.Debug|Any CPU.ActiveCfg = Debug|Any CPU
		{6AA3BF06-BAE1-43DF-AACE-BB2E25D1A103}.Debug|Any CPU.Build.0 = Debug|Any CPU
		{6AA3BF06-BAE1-43DF-AACE-BB2E25D1A103}.Linux|Any CPU.ActiveCfg = Linux|Any CPU
		{6AA3BF06-BAE1-43DF-AACE-BB2E25D1A103}.Linux|Any CPU.Build.0 = Linux|Any CPU
		{6AA3BF06-BAE1-43DF-AACE-BB2E25D1A103}.Release|Any CPU.ActiveCfg = Release|Any CPU
		{6AA3BF06-BAE1-43DF-AACE-BB2E25D1A103}.Release|Any CPU.Build.0 = Release|Any CPU
		{6AA3BF06-BAE1-43DF-AACE-BB2E25D1A103}.Windows|Any CPU.ActiveCfg = Windows|Any CPU
		{6AA3BF06-BAE1-43DF-AACE-BB2E25D1A103}.Windows|Any CPU.Build.0 = Windows|Any CPU
		{CD5BA3EA-1DB7-4D2E-9CFE-4E29C2DC5EBD}.Debug|Any CPU.ActiveCfg = Debug|Any CPU
		{CD5BA3EA-1DB7-4D2E-9CFE-4E29C2DC5EBD}.Debug|Any CPU.Build.0 = Debug|Any CPU
		{CD5BA3EA-1DB7-4D2E-9CFE-4E29C2DC5EBD}.Linux|Any CPU.ActiveCfg = Linux|Any CPU
		{CD5BA3EA-1DB7-4D2E-9CFE-4E29C2DC5EBD}.Linux|Any CPU.Build.0 = Linux|Any CPU
		{CD5BA3EA-1DB7-4D2E-9CFE-4E29C2DC5EBD}.Release|Any CPU.ActiveCfg = Release|Any CPU
		{CD5BA3EA-1DB7-4D2E-9CFE-4E29C2DC5EBD}.Release|Any CPU.Build.0 = Release|Any CPU
		{CD5BA3EA-1DB7-4D2E-9CFE-4E29C2DC5EBD}.Windows|Any CPU.ActiveCfg = Windows|Any CPU
		{CD5BA3EA-1DB7-4D2E-9CFE-4E29C2DC5EBD}.Windows|Any CPU.Build.0 = Windows|Any CPU
		{3B1B5239-C1C7-4553-9E71-D0DE9B3C21F9}.Debug|Any CPU.ActiveCfg = Debug|Any CPU
		{3B1B5239-C1C7-4553-9E71-D0DE9B3C21F9}.Debug|Any CPU.Build.0 = Debug|Any CPU
		{3B1B5239-C1C7-4553-9E71-D0DE9B3C21F9}.Linux|Any CPU.ActiveCfg = Linux|Any CPU
		{3B1B5239-C1C7-4553-9E71-D0DE9B3C21F9}.Linux|Any CPU.Build.0 = Linux|Any CPU
		{3B1B5239-C1C7-4553-9E71-D0DE9B3C21F9}.Release|Any CPU.ActiveCfg = Release|Any CPU
		{3B1B5239-C1C7-4553-9E71-D0DE9B3C21F9}.Release|Any CPU.Build.0 = Release|Any CPU
		{3B1B5239-C1C7-4553-9E71-D0DE9B3C21F9}.Windows|Any CPU.ActiveCfg = Windows|Any CPU
		{3B1B5239-C1C7-4553-9E71-D0DE9B3C21F9}.Windows|Any CPU.Build.0 = Windows|Any CPU
		{79B35CF5-1E81-4F34-8A12-D82185C59D32}.Debug|Any CPU.ActiveCfg = Debug|Any CPU
		{79B35CF5-1E81-4F34-8A12-D82185C59D32}.Debug|Any CPU.Build.0 = Debug|Any CPU
		{79B35CF5-1E81-4F34-8A12-D82185C59D32}.Linux|Any CPU.ActiveCfg = Linux|Any CPU
		{79B35CF5-1E81-4F34-8A12-D82185C59D32}.Linux|Any CPU.Build.0 = Linux|Any CPU
		{79B35CF5-1E81-4F34-8A12-D82185C59D32}.Release|Any CPU.ActiveCfg = Release|Any CPU
		{79B35CF5-1E81-4F34-8A12-D82185C59D32}.Release|Any CPU.Build.0 = Release|Any CPU
		{79B35CF5-1E81-4F34-8A12-D82185C59D32}.Windows|Any CPU.ActiveCfg = Windows|Any CPU
		{43F97539-F59B-44CB-948F-B1AD41FC8E5E}.Debug|Any CPU.ActiveCfg = Debug|Any CPU
		{43F97539-F59B-44CB-948F-B1AD41FC8E5E}.Debug|Any CPU.Build.0 = Debug|Any CPU
		{43F97539-F59B-44CB-948F-B1AD41FC8E5E}.Linux|Any CPU.ActiveCfg = Release|Any CPU
		{43F97539-F59B-44CB-948F-B1AD41FC8E5E}.Linux|Any CPU.Build.0 = Release|Any CPU
		{43F97539-F59B-44CB-948F-B1AD41FC8E5E}.Release|Any CPU.ActiveCfg = Release|Any CPU
		{43F97539-F59B-44CB-948F-B1AD41FC8E5E}.Release|Any CPU.Build.0 = Release|Any CPU
		{43F97539-F59B-44CB-948F-B1AD41FC8E5E}.Windows|Any CPU.ActiveCfg = Windows|Any CPU
		{43F97539-F59B-44CB-948F-B1AD41FC8E5E}.Windows|Any CPU.Build.0 = Windows|Any CPU
		{2FE2D4CA-5F3A-4B06-A95F-5F561B1AEFE4}.Debug|Any CPU.ActiveCfg = Debug|Any CPU
		{2FE2D4CA-5F3A-4B06-A95F-5F561B1AEFE4}.Debug|Any CPU.Build.0 = Debug|Any CPU
		{2FE2D4CA-5F3A-4B06-A95F-5F561B1AEFE4}.Linux|Any CPU.ActiveCfg = Release|Any CPU
		{2FE2D4CA-5F3A-4B06-A95F-5F561B1AEFE4}.Linux|Any CPU.Build.0 = Release|Any CPU
		{2FE2D4CA-5F3A-4B06-A95F-5F561B1AEFE4}.Release|Any CPU.ActiveCfg = Release|Any CPU
		{2FE2D4CA-5F3A-4B06-A95F-5F561B1AEFE4}.Release|Any CPU.Build.0 = Release|Any CPU
		{2FE2D4CA-5F3A-4B06-A95F-5F561B1AEFE4}.Windows|Any CPU.ActiveCfg = Windows|Any CPU
		{2FE2D4CA-5F3A-4B06-A95F-5F561B1AEFE4}.Windows|Any CPU.Build.0 = Windows|Any CPU
		{C52C966D-B232-4717-9642-6D810E4C7D1B}.Debug|Any CPU.ActiveCfg = Debug|Any CPU
		{C52C966D-B232-4717-9642-6D810E4C7D1B}.Debug|Any CPU.Build.0 = Debug|Any CPU
		{C52C966D-B232-4717-9642-6D810E4C7D1B}.Linux|Any CPU.ActiveCfg = Release|Any CPU
		{C52C966D-B232-4717-9642-6D810E4C7D1B}.Linux|Any CPU.Build.0 = Release|Any CPU
		{C52C966D-B232-4717-9642-6D810E4C7D1B}.Release|Any CPU.ActiveCfg = Release|Any CPU
		{C52C966D-B232-4717-9642-6D810E4C7D1B}.Release|Any CPU.Build.0 = Release|Any CPU
		{C52C966D-B232-4717-9642-6D810E4C7D1B}.Windows|Any CPU.ActiveCfg = Windows|Any CPU
		{C52C966D-B232-4717-9642-6D810E4C7D1B}.Windows|Any CPU.Build.0 = Windows|Any CPU
		{F24F8138-6200-4FB4-97BC-3D70D0381C27}.Debug|Any CPU.ActiveCfg = Debug|Any CPU
		{F24F8138-6200-4FB4-97BC-3D70D0381C27}.Debug|Any CPU.Build.0 = Debug|Any CPU
		{F24F8138-6200-4FB4-97BC-3D70D0381C27}.Linux|Any CPU.ActiveCfg = Release|Any CPU
		{F24F8138-6200-4FB4-97BC-3D70D0381C27}.Linux|Any CPU.Build.0 = Release|Any CPU
		{F24F8138-6200-4FB4-97BC-3D70D0381C27}.Release|Any CPU.ActiveCfg = Release|Any CPU
		{F24F8138-6200-4FB4-97BC-3D70D0381C27}.Release|Any CPU.Build.0 = Release|Any CPU
		{F24F8138-6200-4FB4-97BC-3D70D0381C27}.Windows|Any CPU.ActiveCfg = Windows|Any CPU
		{900A9447-BD0F-4D92-A92D-554FA8E7A00C}.Debug|Any CPU.ActiveCfg = Debug|Any CPU
		{900A9447-BD0F-4D92-A92D-554FA8E7A00C}.Debug|Any CPU.Build.0 = Debug|Any CPU
		{900A9447-BD0F-4D92-A92D-554FA8E7A00C}.Linux|Any CPU.ActiveCfg = Release|Any CPU
		{900A9447-BD0F-4D92-A92D-554FA8E7A00C}.Linux|Any CPU.Build.0 = Release|Any CPU
		{900A9447-BD0F-4D92-A92D-554FA8E7A00C}.Release|Any CPU.ActiveCfg = Release|Any CPU
		{900A9447-BD0F-4D92-A92D-554FA8E7A00C}.Release|Any CPU.Build.0 = Release|Any CPU
		{900A9447-BD0F-4D92-A92D-554FA8E7A00C}.Windows|Any CPU.ActiveCfg = Release|Any CPU
		{900A9447-BD0F-4D92-A92D-554FA8E7A00C}.Windows|Any CPU.Build.0 = Release|Any CPU
	EndGlobalSection
	GlobalSection(SolutionProperties) = preSolution
		HideSolutionNode = FALSE
	EndGlobalSection
EndGlobal
