
Microsoft Visual Studio Solution File, Format Version 12.00
# Visual Studio 2013
VisualStudioVersion = 12.0.40629.0
MinimumVisualStudioVersion = 10.0.40219.1
Project("{FAE04EC0-301F-11D3-BF4B-00C04F79EFBC}") = "NZBDash.UI", "NZBDash.UI\NZBDash.UI.csproj", "{30ED7E20-5C5B-4643-B3A6-7D10BE172241}"
EndProject
Project("{FAE04EC0-301F-11D3-BF4B-00C04F79EFBC}") = "NZBDash.Api", "NZBDash.Api\NZBDash.Api.csproj", "{E54F85FE-269A-4B32-BCBB-239CF1FD63E1}"
EndProject
Project("{FAE04EC0-301F-11D3-BF4B-00C04F79EFBC}") = "NZBDash.Common", "NZBDash.Common\NZBDash.Common.csproj", "{9DD8A9DA-16BA-4447-AF4A-414148702B04}"
EndProject
Project("{FAE04EC0-301F-11D3-BF4B-00C04F79EFBC}") = "NZBDash.DataAccess", "NZBDash.DataAccess\NZBDash.DataAccess.csproj", "{315278FF-796B-4A81-A3FF-BC5E707839A8}"
EndProject
Project("{FAE04EC0-301F-11D3-BF4B-00C04F79EFBC}") = "NZBDash.Core", "NZBDash.Core\NZBDash.Core.csproj", "{6B7E480C-D8B3-4CFD-9C59-687F9AEF31E0}"
EndProject
Project("{FAE04EC0-301F-11D3-BF4B-00C04F79EFBC}") = "NZBDash.UI.Test", "NZBDash.UI.Test\NZBDash.UI.Test.csproj", "{64ADCA6B-050F-48B1-8039-2D16BC494AF0}"
EndProject
Project("{2150E333-8FDC-42A3-9474-1A3956D46DE8}") = ".nuget", ".nuget", "{AF2DF6F4-66AC-45E4-86FE-1344D913C2DE}"
	ProjectSection(SolutionItems) = preProject
		.nuget\NuGet.Config = .nuget\NuGet.Config
		.nuget\NuGet.exe = .nuget\NuGet.exe
		.nuget\NuGet.targets = .nuget\NuGet.targets
	EndProjectSection
EndProject
Project("{FAE04EC0-301F-11D3-BF4B-00C04F79EFBC}") = "NZBDash.Core.Test", "NZBDash.Core.Test\NZBDash.Core.Test.csproj", "{53D73B63-32BC-4ECC-ACD4-7ED909F08C70}"
EndProject
Project("{FAE04EC0-301F-11D3-BF4B-00C04F79EFBC}") = "NZBDash.Common.Models", "NZBDash.Common.Models\NZBDash.Common.Models.csproj", "{521CB3C7-F19C-4B92-8A39-4537BEC094B5}"
EndProject
Project("{FAE04EC0-301F-11D3-BF4B-00C04F79EFBC}") = "NZBDash.Common.Models.UnitTests", "NZBDash.Common.Models.UnitTests\NZBDash.Common.Models.UnitTests.csproj", "{DDB18A5F-FF1D-4245-84DF-F28CC97B7DCC}"
EndProject
Project("{FAE04EC0-301F-11D3-BF4B-00C04F79EFBC}") = "NZBDash.Common.Tests", "NZBDash.Common.Tests\NZBDash.Common.Tests.csproj", "{A4EB0077-FFB4-433F-8514-674A5E0DA1CF}"
EndProject
Global
	GlobalSection(SolutionConfigurationPlatforms) = preSolution
		Debug|Any CPU = Debug|Any CPU
		Release|Any CPU = Release|Any CPU
	EndGlobalSection
	GlobalSection(ProjectConfigurationPlatforms) = postSolution
		{30ED7E20-5C5B-4643-B3A6-7D10BE172241}.Debug|Any CPU.ActiveCfg = Debug|Any CPU
		{30ED7E20-5C5B-4643-B3A6-7D10BE172241}.Debug|Any CPU.Build.0 = Debug|Any CPU
		{30ED7E20-5C5B-4643-B3A6-7D10BE172241}.Release|Any CPU.ActiveCfg = Release|Any CPU
		{30ED7E20-5C5B-4643-B3A6-7D10BE172241}.Release|Any CPU.Build.0 = Release|Any CPU
		{E54F85FE-269A-4B32-BCBB-239CF1FD63E1}.Debug|Any CPU.ActiveCfg = Debug|Any CPU
		{E54F85FE-269A-4B32-BCBB-239CF1FD63E1}.Debug|Any CPU.Build.0 = Debug|Any CPU
		{E54F85FE-269A-4B32-BCBB-239CF1FD63E1}.Release|Any CPU.ActiveCfg = Release|Any CPU
		{E54F85FE-269A-4B32-BCBB-239CF1FD63E1}.Release|Any CPU.Build.0 = Release|Any CPU
		{9DD8A9DA-16BA-4447-AF4A-414148702B04}.Debug|Any CPU.ActiveCfg = Debug|Any CPU
		{9DD8A9DA-16BA-4447-AF4A-414148702B04}.Debug|Any CPU.Build.0 = Debug|Any CPU
		{9DD8A9DA-16BA-4447-AF4A-414148702B04}.Release|Any CPU.ActiveCfg = Release|Any CPU
		{9DD8A9DA-16BA-4447-AF4A-414148702B04}.Release|Any CPU.Build.0 = Release|Any CPU
		{315278FF-796B-4A81-A3FF-BC5E707839A8}.Debug|Any CPU.ActiveCfg = Debug|Any CPU
		{315278FF-796B-4A81-A3FF-BC5E707839A8}.Debug|Any CPU.Build.0 = Debug|Any CPU
		{315278FF-796B-4A81-A3FF-BC5E707839A8}.Release|Any CPU.ActiveCfg = Release|Any CPU
		{315278FF-796B-4A81-A3FF-BC5E707839A8}.Release|Any CPU.Build.0 = Release|Any CPU
		{6B7E480C-D8B3-4CFD-9C59-687F9AEF31E0}.Debug|Any CPU.ActiveCfg = Debug|Any CPU
		{6B7E480C-D8B3-4CFD-9C59-687F9AEF31E0}.Debug|Any CPU.Build.0 = Debug|Any CPU
		{6B7E480C-D8B3-4CFD-9C59-687F9AEF31E0}.Release|Any CPU.ActiveCfg = Release|Any CPU
		{6B7E480C-D8B3-4CFD-9C59-687F9AEF31E0}.Release|Any CPU.Build.0 = Release|Any CPU
		{64ADCA6B-050F-48B1-8039-2D16BC494AF0}.Debug|Any CPU.ActiveCfg = Debug|Any CPU
		{64ADCA6B-050F-48B1-8039-2D16BC494AF0}.Debug|Any CPU.Build.0 = Debug|Any CPU
		{64ADCA6B-050F-48B1-8039-2D16BC494AF0}.Release|Any CPU.ActiveCfg = Release|Any CPU
		{64ADCA6B-050F-48B1-8039-2D16BC494AF0}.Release|Any CPU.Build.0 = Release|Any CPU
		{53D73B63-32BC-4ECC-ACD4-7ED909F08C70}.Debug|Any CPU.ActiveCfg = Debug|Any CPU
		{53D73B63-32BC-4ECC-ACD4-7ED909F08C70}.Debug|Any CPU.Build.0 = Debug|Any CPU
		{53D73B63-32BC-4ECC-ACD4-7ED909F08C70}.Release|Any CPU.ActiveCfg = Release|Any CPU
		{53D73B63-32BC-4ECC-ACD4-7ED909F08C70}.Release|Any CPU.Build.0 = Release|Any CPU
		{521CB3C7-F19C-4B92-8A39-4537BEC094B5}.Debug|Any CPU.ActiveCfg = Debug|Any CPU
		{521CB3C7-F19C-4B92-8A39-4537BEC094B5}.Debug|Any CPU.Build.0 = Debug|Any CPU
		{521CB3C7-F19C-4B92-8A39-4537BEC094B5}.Release|Any CPU.ActiveCfg = Release|Any CPU
		{521CB3C7-F19C-4B92-8A39-4537BEC094B5}.Release|Any CPU.Build.0 = Release|Any CPU
		{DDB18A5F-FF1D-4245-84DF-F28CC97B7DCC}.Debug|Any CPU.ActiveCfg = Debug|Any CPU
		{DDB18A5F-FF1D-4245-84DF-F28CC97B7DCC}.Debug|Any CPU.Build.0 = Debug|Any CPU
		{DDB18A5F-FF1D-4245-84DF-F28CC97B7DCC}.Release|Any CPU.ActiveCfg = Release|Any CPU
		{DDB18A5F-FF1D-4245-84DF-F28CC97B7DCC}.Release|Any CPU.Build.0 = Release|Any CPU
		{A4EB0077-FFB4-433F-8514-674A5E0DA1CF}.Debug|Any CPU.ActiveCfg = Debug|Any CPU
		{A4EB0077-FFB4-433F-8514-674A5E0DA1CF}.Debug|Any CPU.Build.0 = Debug|Any CPU
		{A4EB0077-FFB4-433F-8514-674A5E0DA1CF}.Release|Any CPU.ActiveCfg = Release|Any CPU
		{A4EB0077-FFB4-433F-8514-674A5E0DA1CF}.Release|Any CPU.Build.0 = Release|Any CPU
	EndGlobalSection
	GlobalSection(SolutionProperties) = preSolution
		HideSolutionNode = FALSE
	EndGlobalSection
EndGlobal
